
Microsoft Visual Studio Solution File, Format Version 12.00
# Visual Studio 2013
VisualStudioVersion = 12.0.21005.1
MinimumVisualStudioVersion = 10.0.40219.1
Project("{2150E333-8FDC-42A3-9474-1A3956D46DE8}") = "Examples", "Examples", "{838F3B27-6D69-453B-BD2A-B2F88FD62B28}"
EndProject
Project("{FAE04EC0-301F-11D3-BF4B-00C04F79EFBC}") = "MetroTest", "Examples\MetroTest\MetroTest.csproj", "{723247A8-5FBA-4575-9A4E-93BF6E28D03D}"
EndProject
Project("{2150E333-8FDC-42A3-9474-1A3956D46DE8}") = "PluginTest", "PluginTest", "{9ED43817-912B-4BEB-A778-511334496CDD}"
EndProject
Project("{FAE04EC0-301F-11D3-BF4B-00C04F79EFBC}") = "CalculatorHostApp", "Examples\PluginTest\HostApplication\CalculatorHostApp\CalculatorHostApp.csproj", "{27FACF9E-046E-4C99-94DE-8BA208C5B401}"
EndProject
Project("{2150E333-8FDC-42A3-9474-1A3956D46DE8}") = "Plugins", "Plugins", "{443F8A36-D0A2-44ED-9EFC-D0F3D94B7D52}"
EndProject
Project("{FAE04EC0-301F-11D3-BF4B-00C04F79EFBC}") = "Add", "Examples\PluginTest\PlugIns\Add\Add.csproj", "{FF5A0FCC-2236-43B2-A580-BA320EB0CBA4}"
EndProject
Project("{FAE04EC0-301F-11D3-BF4B-00C04F79EFBC}") = "MultiplyAndDivision", "Examples\PluginTest\PlugIns\MultiplyAndDivision\MultiplyAndDivision.csproj", "{8BDB78CA-FB79-47DE-BB4C-AD27C166A707}"
EndProject
Project("{FAE04EC0-301F-11D3-BF4B-00C04F79EFBC}") = "TypeBuilderTest", "Examples\TypeBuilderTest\TypeBuilderTest.csproj", "{B23D131A-7A36-46DC-89D6-4C803F53A920}"
EndProject
Project("{FAE04EC0-301F-11D3-BF4B-00C04F79EFBC}") = "Furesoft.Creek.Scripting", "Creek.Scripting\Furesoft.Creek.Scripting.csproj", "{393E2AB7-B4E3-4C69-B99F-D0404B92AED7}"
EndProject
Project("{FAE04EC0-301F-11D3-BF4B-00C04F79EFBC}") = "Furesoft.Creek.Contracts", "Creek.Contracts\Furesoft.Creek.Contracts.csproj", "{539CFD64-3471-45A3-BC46-9515C09A826E}"
EndProject
Project("{FAE04EC0-301F-11D3-BF4B-00C04F79EFBC}") = "Furesoft.Creek.Dynamics", "Creek.Dynamics\Furesoft.Creek.Dynamics.csproj", "{E455BA79-D680-4D5B-924E-CF54D43D7349}"
EndProject
Project("{FAE04EC0-301F-11D3-BF4B-00C04F79EFBC}") = "Furesoft.Creek.Compression", "Creek.Compression\Furesoft.Creek.Compression.csproj", "{BAEC4EB0-45C6-4801-94BB-11EA743FB50E}"
EndProject
Project("{FAE04EC0-301F-11D3-BF4B-00C04F79EFBC}") = "Furesoft.Creek.Extensions", "Creek.Extensions\Furesoft.Creek.Extensions.csproj", "{4A762EE7-C4D0-484A-BC46-380341817B80}"
EndProject
Project("{FAE04EC0-301F-11D3-BF4B-00C04F79EFBC}") = "Furesoft.Creek.Parsing", "Creek.Parsing\Furesoft.Creek.Parsing.csproj", "{24FDF059-F72A-43E4-8921-138D240DF8BC}"
EndProject
Project("{FAE04EC0-301F-11D3-BF4B-00C04F79EFBC}") = "Furesoft.Creek.Tools", "Creek.Tools\Furesoft.Creek.Tools.csproj", "{C5DE7E22-9684-4BE6-8A61-D4E06642A96F}"
EndProject
Project("{FAE04EC0-301F-11D3-BF4B-00C04F79EFBC}") = "Furesoft.Creek.IO", "Creek.IO\Furesoft.Creek.IO.csproj", "{DB6888D4-A73E-47B3-A727-65CB5F6FE4D2}"
EndProject
Project("{FAE04EC0-301F-11D3-BF4B-00C04F79EFBC}") = "Furesoft.Creek.IO.Binary", "Creek.IO.Binary\Furesoft.Creek.IO.Binary.csproj", "{F55DE8AC-38BF-45BE-BCA5-AAD35BD2F71E}"
EndProject
Project("{FAE04EC0-301F-11D3-BF4B-00C04F79EFBC}") = "Furesoft.Creek.Validation", "Creek.Validation\Furesoft.Creek.Validation.csproj", "{E8063DBE-F213-4299-864A-4E050B65F18F}"
EndProject
Project("{FAE04EC0-301F-11D3-BF4B-00C04F79EFBC}") = "Furesoft.Creek.Net", "Creek.Net\Furesoft.Creek.Net.csproj", "{CA94D097-C7AE-41DF-958D-93D2AEB0CDBC}"
EndProject
Project("{FAE04EC0-301F-11D3-BF4B-00C04F79EFBC}") = "Furesoft.Creek.Behaviors", "Creek.Behaviors\Furesoft.Creek.Behaviors.csproj", "{78530F40-6973-4702-8A0B-7C98BE6A1A67}"
EndProject
Project("{FAE04EC0-301F-11D3-BF4B-00C04F79EFBC}") = "Furesoft.Creek.Info", "Creek.Info\Furesoft.Creek.Info.csproj", "{0E3DE280-E7B9-4245-B7D1-5A2CE69C13B7}"
EndProject
Project("{FAE04EC0-301F-11D3-BF4B-00C04F79EFBC}") = "Furesoft.Creek.UI.Winforms", "Creek.UI\Furesoft.Creek.UI.Winforms.csproj", "{1AA4CEF5-9AF2-4C44-81B7-9EF1F3F662C3}"
EndProject
Project("{FAE04EC0-301F-11D3-BF4B-00C04F79EFBC}") = "BehaviorTest", "Examples\BehaviorTest\BehaviorTest.csproj", "{30D1D4B3-A45A-46F5-85C0-93E2C59EAE8B}"
EndProject
Project("{FAE04EC0-301F-11D3-BF4B-00C04F79EFBC}") = "Furesoft.Creek.I18N", "Creek.I18N\Furesoft.Creek.I18N.csproj", "{38A89F68-BF0D-424B-80D8-9F5BA8628E9E}"
EndProject
Project("{2150E333-8FDC-42A3-9474-1A3956D46DE8}") = "Solution Items", "Solution Items", "{FDBC5F83-23D4-40A1-8F9B-E38C77CD8F7D}"
	ProjectSection(SolutionItems) = preProject
		ToDo.txt = ToDo.txt
	EndProjectSection
EndProject
Project("{FAE04EC0-301F-11D3-BF4B-00C04F79EFBC}") = "Furesoft.Creek.Database", "Creek.IO.Database\Furesoft.Creek.Database.csproj", "{283328D9-5C2F-45D2-8853-D5A820DE8A6E}"
EndProject
Project("{FAE04EC0-301F-11D3-BF4B-00C04F79EFBC}") = "Furesoft.Creek.Security", "Creek.Security\Furesoft.Creek.Security.csproj", "{4DE99D26-6336-4EE2-B6EA-F8BD97E7747F}"
EndProject
Project("{FAE04EC0-301F-11D3-BF4B-00C04F79EFBC}") = "Furesoft.Creek.Security.USBKeys", "Creek.Security.USBKeys\Furesoft.Creek.Security.USBKeys.csproj", "{65A43831-540B-46BE-A808-387260EE48ED}"
EndProject
Project("{FAE04EC0-301F-11D3-BF4B-00C04F79EFBC}") = "Furesoft.Creek.I18N.Gettext", "Creek.I18N.Gettext\Furesoft.Creek.I18N.Gettext.csproj", "{B752CCE8-DA6F-449E-98A8-9429C07D813A}"
EndProject
Project("{FAE04EC0-301F-11D3-BF4B-00C04F79EFBC}") = "Furesoft.Creek.Audio", "Creek.Audio\Furesoft.Creek.Audio.csproj", "{2B6E867A-BA35-4CB1-8F31-738EE5C2D787}"
EndProject
Project("{FAE04EC0-301F-11D3-BF4B-00C04F79EFBC}") = "Furesoft.Creek.Net.Updates", "Creek.Net.Updates\Furesoft.Creek.Net.Updates.csproj", "{E9145185-3E56-4303-848D-D829F5B45D1D}"
EndProject
Project("{FAE04EC0-301F-11D3-BF4B-00C04F79EFBC}") = "Furesoft.Creek.UI.Winforms.EFML", "Creek.UI.EFML\Furesoft.Creek.UI.Winforms.EFML.csproj", "{43216F34-E90E-4CAD-BE77-0EE3AA59183A}"
EndProject
Project("{FAE04EC0-301F-11D3-BF4B-00C04F79EFBC}") = "Furesoft.Creek.Messaging", "Creek.Messaging\Furesoft.Creek.Messaging.csproj", "{69715B06-BFF4-4457-BD25-B67C00CDC36E}"
EndProject
Project("{FAE04EC0-301F-11D3-BF4B-00C04F79EFBC}") = "Furesoft.Creek.Tools.Hacking", "Creek.Tools.Hacking\Furesoft.Creek.Tools.Hacking.csproj", "{4D78B2B6-2586-44C8-BE24-F8DB04A8D5E7}"
EndProject
Project("{FAE04EC0-301F-11D3-BF4B-00C04F79EFBC}") = "CalculatorPlugInLib", "Examples\PluginTest\HostApplication\CalculatorPlugInLib\CalculatorPlugInLib.csproj", "{B1819483-3937-48ED-83DF-66C31752D7A5}"
EndProject
Project("{FAE04EC0-301F-11D3-BF4B-00C04F79EFBC}") = "Test", "Test\Test.csproj", "{8B66C030-5F14-44AD-9A0A-4919B7F8853C}"
EndProject
Project("{FAE04EC0-301F-11D3-BF4B-00C04F79EFBC}") = "EFMLTest", "Examples\EFMLTest\EFMLTest.csproj", "{FD3CEC43-EC5C-4E8A-A85C-1AF05FCC49C5}"
EndProject
Project("{FAE04EC0-301F-11D3-BF4B-00C04F79EFBC}") = "StorageTester", "Examples\StorageTest\StorageTester.csproj", "{D930EF60-3B62-420D-BDCF-2AA2F771BDD8}"
EndProject
Project("{FAE04EC0-301F-11D3-BF4B-00C04F79EFBC}") = "Furesoft.Creek.Data.VFS", "Creek.IO.Data.VFS\Furesoft.Creek.Data.VFS.csproj", "{CEE8E2FB-76A3-4172-B55C-847178501331}"
EndProject
Project("{FAE04EC0-301F-11D3-BF4B-00C04F79EFBC}") = "Furesoft.Creek.Data.Storage", "Creek.IO.Data.Storage\Furesoft.Creek.Data.Storage.csproj", "{0A36C5FC-814E-4E26-8932-AC072B3ECBB2}"
EndProject
Project("{FAE04EC0-301F-11D3-BF4B-00C04F79EFBC}") = "Furesoft.Creek.Data.Registry", "Creek.Data.Registry\Furesoft.Creek.Data.Registry.csproj", "{410094E3-F144-4413-8A35-BB164C9FE3A4}"
EndProject
Project("{FAE04EC0-301F-11D3-BF4B-00C04F79EFBC}") = "Furesoft.Creek.Data.JSON", "Creek.Data.JSON\Furesoft.Creek.Data.JSON.csproj", "{EF4A8F4A-CDB8-4A78-AC15-2EC81C86D06B}"
EndProject
Project("{FAE04EC0-301F-11D3-BF4B-00C04F79EFBC}") = "DatabaseTest", "Examples\DatabaseTest\DatabaseTest.csproj", "{3E864147-0BB7-40E4-A3F0-C4AF15DF1778}"
EndProject
Project("{FAE04EC0-301F-11D3-BF4B-00C04F79EFBC}") = "Furesoft.Creek.Parsers", "Creek.Parsers\Furesoft.Creek.Parsers.csproj", "{A87EFA3C-BBAF-46B9-BCCB-84F6F90A0E77}"
EndProject
Project("{FAE04EC0-301F-11D3-BF4B-00C04F79EFBC}") = "DepencyTest", "DepencyTest\DepencyTest.csproj", "{87506A98-A8ED-47E0-B797-8D09926D9413}"
EndProject
Project("{2150E333-8FDC-42A3-9474-1A3956D46DE8}") = "Applications", "Applications", "{D642CE18-9F07-49A8-94C3-F737F2212C14}"
EndProject
Project("{FAE04EC0-301F-11D3-BF4B-00C04F79EFBC}") = "EFML-Designer", "EFML-Designer\EFML-Designer.csproj", "{D887EB15-E528-4004-ABF8-D2A44812A912}"
EndProject
Project("{FAE04EC0-301F-11D3-BF4B-00C04F79EFBC}") = "Furesoft.Creek.UI.Winforms.Effects", "Creek.UI.Effects\Furesoft.Creek.UI.Winforms.Effects.csproj", "{B42912FC-79B2-4007-977B-2171BA4C8A20}"
EndProject
Project("{FAE04EC0-301F-11D3-BF4B-00C04F79EFBC}") = "Furesoft.Creek.UI.Winforms.DialogBuilder", "Creek.UI.DialogBuilder\Furesoft.Creek.UI.Winforms.DialogBuilder.csproj", "{67E34251-CC8D-4A20-9146-731CDBE21B0E}"
EndProject
Project("{FAE04EC0-301F-11D3-BF4B-00C04F79EFBC}") = "Furesoft.Creek.Resources", "Creek.Resources\Furesoft.Creek.Resources.csproj", "{332D5687-8331-4E21-A878-713D8F3FB223}"
EndProject
Project("{FAE04EC0-301F-11D3-BF4B-00C04F79EFBC}") = "Furesoft.Creek.Diagnostics", "Creek.Diagnostics\Furesoft.Creek.Diagnostics.csproj", "{2E725596-44D0-4D6C-B5CB-ED514412C1CE}"
EndProject
Project("{FAE04EC0-301F-11D3-BF4B-00C04F79EFBC}") = "Furesoft.Creek.Library.Fonts", "Creek.Fonts\Furesoft.Creek.Library.Fonts.csproj", "{C396B00F-161B-4E76-9BCE-51DC6AF77469}"
EndProject
Project("{FAE04EC0-301F-11D3-BF4B-00C04F79EFBC}") = "Furesoft.Creek.Extensibility.Plugins", "Creek.Plugins\Furesoft.Creek.Extensibility.Plugins.csproj", "{CCE6CB9D-9370-4969-8650-20CBC9CFEE8E}"
EndProject
Project("{FAE04EC0-301F-11D3-BF4B-00C04F79EFBC}") = "Furesoft.Creek.Template", "Creek.Template\Furesoft.Creek.Template.csproj", "{21103B18-3BA4-4F10-A547-C4499D3C6709}"
EndProject
Project("{FAE04EC0-301F-11D3-BF4B-00C04F79EFBC}") = "EFML-ControlProvider-Creator", "EFML-ControlProvider-Creator\EFML-ControlProvider-Creator.csproj", "{2437E7F7-8F57-415D-9CB6-9C10A8819534}"
EndProject
Project("{FAE04EC0-301F-11D3-BF4B-00C04F79EFBC}") = "Furesoft.Creek.Macros", "Creek.Macro\Furesoft.Creek.Macros.csproj", "{774E3047-8B4C-4A00-B1E2-DF8D1B960DAB}"
EndProject
Project("{FAE04EC0-301F-11D3-BF4B-00C04F79EFBC}") = "Furesoft.Creek.Serialize", "Creek.Serialize\Furesoft.Creek.Serialize.csproj", "{C9C9F2B3-FC37-4A31-8CF0-D3DDABBE6739}"
EndProject
Project("{FAE04EC0-301F-11D3-BF4B-00C04F79EFBC}") = "Furesoft.Creek.Text", "Creek.Text\Furesoft.Creek.Text.csproj", "{83098449-2479-417D-A413-7E2A3E9A3C3B}"
EndProject
Project("{FAE04EC0-301F-11D3-BF4B-00C04F79EFBC}") = "Furesoft.Creek.Drawing", "Creek.Drawing\Furesoft.Creek.Drawing.csproj", "{529C2979-CE79-4499-820D-11DA96DBA280}"
EndProject
Project("{FAE04EC0-301F-11D3-BF4B-00C04F79EFBC}") = "Furesoft.Creek.UI.Winforms.Theming", "Creek.UI.Theming\Furesoft.Creek.UI.Winforms.Theming.csproj", "{5BF538B3-4811-4B96-A4FD-ECF9DE6CED0E}"
EndProject
Project("{FAE04EC0-301F-11D3-BF4B-00C04F79EFBC}") = "Furesoft.Creek.Compression.Mounting", "Creek.Compression.Mounting\Furesoft.Creek.Compression.Mounting.csproj", "{785449A7-CC58-4E41-A335-C927F8C6628B}"
EndProject
Project("{FAE04EC0-301F-11D3-BF4B-00C04F79EFBC}") = "Furesoft.Creek.Data.Logging", "Creek.Data.Logging\Furesoft.Creek.Data.Logging.csproj", "{1C9D4EC5-CF7F-4CF7-B2CD-2034D807D09D}"
EndProject
Project("{FAE04EC0-301F-11D3-BF4B-00C04F79EFBC}") = "Furesoft.Creek.MVP", "Creek.MVP\Furesoft.Creek.MVP.csproj", "{254D6834-899E-4DEB-B349-0DC7903FE304}"
EndProject
Project("{FAE04EC0-301F-11D3-BF4B-00C04F79EFBC}") = "Furesoft.Creek.Office.Access", "Furesoft.Creek.Office.Access\Furesoft.Creek.Office.Access.csproj", "{41B60241-09DC-4645-BA6F-E88C579EF6C5}"
EndProject
Project("{FAE04EC0-301F-11D3-BF4B-00C04F79EFBC}") = "Access Example", "Access Example\Access Example.csproj", "{74BF727A-86C8-418E-9392-3BA95F22D981}"
EndProject
Project("{FAE04EC0-301F-11D3-BF4B-00C04F79EFBC}") = "Furesoft.Creek.Emit", "Furesoft.Creek.Emit\Furesoft.Creek.Emit.csproj", "{2F02A5C4-A1DA-4970-9859-6A935EAAFFD0}"
EndProject
Project("{FAE04EC0-301F-11D3-BF4B-00C04F79EFBC}") = "EmitExample", "EmitExample\EmitExample.csproj", "{823D7A6A-5E3C-4D82-8D11-B44A6752655A}"
EndProject
Global
	GlobalSection(TeamFoundationVersionControl) = preSolution
		SccNumberOfProjects = 63
		SccEnterpriseProvider = {4CA58AB2-18FA-4F8D-95D4-32DDF27D184C}
		SccTeamFoundationServer = https://tfs.codeplex.com/tfs/tfs27
		SccLocalPath0 = .
		SccProjectUniqueName1 = DepencyTest\\DepencyTest.csproj
		SccProjectTopLevelParentUniqueName1 = Creek.sln
		SccProjectName1 = DepencyTest
		SccLocalPath1 = DepencyTest
		SccProjectUniqueName2 = EFML-ControlProvider-Creator\\EFML-ControlProvider-Creator.csproj
		SccProjectTopLevelParentUniqueName2 = Creek.sln
		SccProjectName2 = EFML-ControlProvider-Creator
		SccLocalPath2 = EFML-ControlProvider-Creator
		SccProjectUniqueName3 = EFML-Designer\\EFML-Designer.csproj
		SccProjectTopLevelParentUniqueName3 = Creek.sln
		SccProjectName3 = EFML-Designer
		SccLocalPath3 = EFML-Designer
		SccProjectUniqueName4 = Examples\\BehaviorTest\\BehaviorTest.csproj
		SccProjectTopLevelParentUniqueName4 = Creek.sln
		SccProjectName4 = Examples/BehaviorTest
		SccLocalPath4 = Examples\\BehaviorTest
		SccProjectUniqueName5 = Examples\\DatabaseTest\\DatabaseTest.csproj
		SccProjectTopLevelParentUniqueName5 = Creek.sln
		SccProjectName5 = Examples/DatabaseTest
		SccLocalPath5 = Examples\\DatabaseTest
		SccProjectUniqueName6 = Examples\\EFMLTest\\EFMLTest.csproj
		SccProjectTopLevelParentUniqueName6 = Creek.sln
		SccProjectName6 = Examples/EFMLTest
		SccLocalPath6 = Examples\\EFMLTest
		SccProjectUniqueName7 = Examples\\MetroTest\\MetroTest.csproj
		SccProjectTopLevelParentUniqueName7 = Creek.sln
		SccProjectName7 = Examples/MetroTest
		SccLocalPath7 = Examples\\MetroTest
		SccProjectUniqueName8 = Examples\\PluginTest\\HostApplication\\CalculatorHostApp\\CalculatorHostApp.csproj
		SccProjectTopLevelParentUniqueName8 = Creek.sln
		SccProjectName8 = Examples/PluginTest/HostApplication/CalculatorHostApp
		SccLocalPath8 = Examples\\PluginTest\\HostApplication\\CalculatorHostApp
		SccProjectUniqueName9 = Examples\\PluginTest\\HostApplication\\CalculatorPlugInLib\\CalculatorPlugInLib.csproj
		SccProjectTopLevelParentUniqueName9 = Creek.sln
		SccProjectName9 = Examples/PluginTest/HostApplication/CalculatorPlugInLib
		SccLocalPath9 = Examples\\PluginTest\\HostApplication\\CalculatorPlugInLib
		SccProjectUniqueName10 = Examples\\PluginTest\\PlugIns\\Add\\Add.csproj
		SccProjectTopLevelParentUniqueName10 = Creek.sln
		SccProjectName10 = Examples/PluginTest/PlugIns/Add
		SccLocalPath10 = Examples\\PluginTest\\PlugIns\\Add
		SccProjectUniqueName11 = Examples\\PluginTest\\PlugIns\\MultiplyAndDivision\\MultiplyAndDivision.csproj
		SccProjectTopLevelParentUniqueName11 = Creek.sln
		SccProjectName11 = Examples/PluginTest/PlugIns/MultiplyAndDivision
		SccLocalPath11 = Examples\\PluginTest\\PlugIns\\MultiplyAndDivision
		SccProjectUniqueName12 = Examples\\StorageTest\\StorageTester.csproj
		SccProjectTopLevelParentUniqueName12 = Creek.sln
		SccProjectName12 = Examples/StorageTest
		SccLocalPath12 = Examples\\StorageTest
		SccProjectUniqueName13 = Examples\\TypeBuilderTest\\TypeBuilderTest.csproj
		SccProjectTopLevelParentUniqueName13 = Creek.sln
		SccProjectName13 = Examples/TypeBuilderTest
		SccLocalPath13 = Examples\\TypeBuilderTest
		SccProjectUniqueName14 = Test\\Test.csproj
		SccProjectName14 = Test
		SccLocalPath14 = Test
		SccProjectUniqueName15 = Creek.Audio\\Furesoft.Creek.Audio.csproj
		SccProjectName15 = Creek.Audio
		SccLocalPath15 = Creek.Audio
		SccProjectUniqueName16 = Creek.Tools.Hacking\\Furesoft.Creek.Tools.Hacking.csproj
		SccProjectName16 = Creek.Tools.Hacking
		SccLocalPath16 = Creek.Tools.Hacking
		SccProjectUniqueName17 = Creek.UI\\Furesoft.Creek.UI.Winforms.csproj
		SccProjectName17 = Creek.UI
		SccLocalPath17 = Creek.UI
		SccProjectUniqueName18 = Creek.UI.DialogBuilder\\Furesoft.Creek.UI.Winforms.DialogBuilder.csproj
		SccProjectName18 = Creek.UI.DialogBuilder
		SccLocalPath18 = Creek.UI.DialogBuilder
		SccProjectUniqueName19 = Creek.Tools\\Furesoft.Creek.Tools.csproj
		SccProjectName19 = Creek.Tools
		SccLocalPath19 = Creek.Tools
		SccProjectUniqueName20 = Creek.Serialize\\Furesoft.Creek.Serialize.csproj
		SccProjectName20 = Creek.Serialize
		SccLocalPath20 = Creek.Serialize
		SccProjectUniqueName21 = Creek.Security\\Furesoft.Creek.Security.csproj
		SccProjectName21 = Creek.Security
		SccLocalPath21 = Creek.Security
		SccProjectUniqueName22 = Creek.Resources\\Furesoft.Creek.Resources.csproj
		SccProjectName22 = Creek.Resources
		SccLocalPath22 = Creek.Resources
		SccProjectUniqueName23 = Creek.Parsing\\Furesoft.Creek.Parsing.csproj
		SccProjectName23 = Creek.Parsing
		SccLocalPath23 = Creek.Parsing
		SccProjectUniqueName24 = Creek.Parsers\\Furesoft.Creek.Parsers.csproj
		SccProjectName24 = Creek.Parsers
		SccLocalPath24 = Creek.Parsers
		SccProjectUniqueName25 = Creek.Net.Updates\\Furesoft.Creek.Net.Updates.csproj
		SccProjectName25 = Creek.Net.Updates
		SccLocalPath25 = Creek.Net.Updates
		SccProjectUniqueName26 = Creek.Net\\Furesoft.Creek.Net.csproj
		SccProjectName26 = Creek.Net
		SccLocalPath26 = Creek.Net
		SccProjectUniqueName27 = Creek.MVP\\Furesoft.Creek.MVP.csproj
		SccProjectName27 = Creek.MVP
		SccLocalPath27 = Creek.MVP
		SccProjectUniqueName28 = Creek.Messaging\\Furesoft.Creek.Messaging.csproj
		SccProjectName28 = Creek.Messaging
		SccLocalPath28 = Creek.Messaging
		SccProjectUniqueName29 = Creek.Macro\\Furesoft.Creek.Macros.csproj
		SccProjectName29 = Creek.Macro
		SccLocalPath29 = Creek.Macro
		SccProjectUniqueName30 = Creek.IO.Binary\\Furesoft.Creek.IO.Binary.csproj
		SccProjectName30 = Creek.IO.Binary
		SccLocalPath30 = Creek.IO.Binary
		SccProjectUniqueName31 = Creek.IO\\Furesoft.Creek.IO.csproj
		SccProjectName31 = Creek.IO
		SccLocalPath31 = Creek.IO
		SccProjectUniqueName32 = Creek.Info\\Furesoft.Creek.Info.csproj
		SccProjectName32 = Creek.Info
		SccLocalPath32 = Creek.Info
		SccProjectUniqueName33 = Creek.I18N.Gettext\\Furesoft.Creek.I18N.Gettext.csproj
		SccProjectName33 = Creek.I18N.Gettext
		SccLocalPath33 = Creek.I18N.Gettext
		SccProjectUniqueName34 = Creek.I18N\\Furesoft.Creek.I18N.csproj
		SccProjectName34 = Creek.I18N
		SccLocalPath34 = Creek.I18N
		SccProjectUniqueName35 = Creek.Extensions\\Furesoft.Creek.Extensions.csproj
		SccProjectName35 = Creek.Extensions
		SccLocalPath35 = Creek.Extensions
		SccProjectUniqueName36 = Creek.Plugins\\Furesoft.Creek.Extensibility.Plugins.csproj
		SccProjectName36 = Creek.Plugins
		SccLocalPath36 = Creek.Plugins
		SccProjectUniqueName37 = Creek.Security.USBKeys\\Furesoft.Creek.Security.USBKeys.csproj
		SccProjectName37 = Creek.Security.USBKeys
		SccLocalPath37 = Creek.Security.USBKeys
		SccProjectUniqueName38 = Creek.Behaviors\\Furesoft.Creek.Behaviors.csproj
		SccProjectName38 = Creek.Behaviors
		SccLocalPath38 = Creek.Behaviors
		SccProjectUniqueName39 = Creek.Template\\Furesoft.Creek.Template.csproj
		SccProjectName39 = Creek.Template
		SccLocalPath39 = Creek.Template
		SccProjectUniqueName40 = Creek.Text\\Furesoft.Creek.Text.csproj
		SccProjectName40 = Creek.Text
		SccLocalPath40 = Creek.Text
		SccProjectUniqueName41 = Creek.Validation\\Furesoft.Creek.Validation.csproj
		SccProjectName41 = Creek.Validation
		SccLocalPath41 = Creek.Validation
		SccProjectUniqueName42 = Creek.Compression.Mounting\\Furesoft.Creek.Compression.Mounting.csproj
		SccProjectName42 = Creek.Compression.Mounting
		SccLocalPath42 = Creek.Compression.Mounting
		SccProjectUniqueName43 = Creek.Drawing\\Furesoft.Creek.Drawing.csproj
		SccProjectName43 = Creek.Drawing
		SccLocalPath43 = Creek.Drawing
		SccProjectUniqueName44 = Creek.Diagnostics\\Furesoft.Creek.Diagnostics.csproj
		SccProjectName44 = Creek.Diagnostics
		SccLocalPath44 = Creek.Diagnostics
		SccProjectUniqueName45 = Creek.IO.Data.VFS\\Furesoft.Creek.Data.VFS.csproj
		SccProjectName45 = Creek.IO.Data.VFS
		SccLocalPath45 = Creek.IO.Data.VFS
		SccProjectUniqueName46 = Creek.Dynamics\\Furesoft.Creek.Dynamics.csproj
		SccProjectName46 = Creek.Dynamics
		SccLocalPath46 = Creek.Dynamics
		SccProjectUniqueName47 = Creek.Scripting\\Furesoft.Creek.Scripting.csproj
		SccProjectName47 = Creek.Scripting
		SccLocalPath47 = Creek.Scripting
		SccProjectUniqueName48 = Creek.IO.Database\\Furesoft.Creek.Database.csproj
		SccProjectName48 = Creek.IO.Database
		SccLocalPath48 = Creek.IO.Database
		SccProjectUniqueName49 = Creek.Data.JSON\\Furesoft.Creek.Data.JSON.csproj
		SccProjectName49 = Creek.Data.JSON
		SccLocalPath49 = Creek.Data.JSON
		SccProjectUniqueName50 = Creek.Compression\\Furesoft.Creek.Compression.csproj
		SccProjectName50 = Creek.Compression
		SccLocalPath50 = Creek.Compression
		SccProjectUniqueName51 = Creek.Contracts\\Furesoft.Creek.Contracts.csproj
		SccProjectName51 = Creek.Contracts
		SccLocalPath51 = Creek.Contracts
		SccProjectUniqueName52 = Creek.IO.Data.Storage\\Furesoft.Creek.Data.Storage.csproj
		SccProjectName52 = Creek.IO.Data.Storage
		SccLocalPath52 = Creek.IO.Data.Storage
		SccProjectUniqueName53 = Creek.Fonts\\Furesoft.Creek.Library.Fonts.csproj
		SccProjectName53 = Creek.Fonts
		SccLocalPath53 = Creek.Fonts
		SccProjectUniqueName54 = Creek.Data.Logging\\Furesoft.Creek.Data.Logging.csproj
		SccProjectName54 = Creek.Data.Logging
		SccLocalPath54 = Creek.Data.Logging
		SccProjectUniqueName55 = Creek.UI.Effects\\Furesoft.Creek.UI.Winforms.Effects.csproj
		SccProjectName55 = Creek.UI.Effects
		SccLocalPath55 = Creek.UI.Effects
		SccProjectUniqueName56 = Creek.Data.Registry\\Furesoft.Creek.Data.Registry.csproj
		SccProjectName56 = Creek.Data.Registry
		SccLocalPath56 = Creek.Data.Registry
		SccProjectUniqueName57 = Creek.UI.EFML\\Furesoft.Creek.UI.Winforms.EFML.csproj
		SccProjectName57 = Creek.UI.EFML
		SccLocalPath57 = Creek.UI.EFML
		SccProjectUniqueName58 = Creek.UI.Theming\\Furesoft.Creek.UI.Winforms.Theming.csproj
		SccProjectName58 = Creek.UI.Theming
		SccLocalPath58 = Creek.UI.Theming
		SccProjectUniqueName59 = Furesoft.Creek.Office.Access\\Furesoft.Creek.Office.Access.csproj
		SccProjectName59 = Furesoft.Creek.Office.Access
		SccLocalPath59 = Furesoft.Creek.Office.Access
		SccProjectUniqueName60 = Access\u0020Example\\Access\u0020Example.csproj
		SccProjectTopLevelParentUniqueName60 = Creek.sln
		SccProjectName60 = Access\u0020Example
		SccLocalPath60 = Access\u0020Example
		SccProjectUniqueName61 = Furesoft.Creek.Emit\\Furesoft.Creek.Emit.csproj
		SccProjectName61 = Furesoft.Creek.Emit
		SccLocalPath61 = Furesoft.Creek.Emit
		SccProjectUniqueName62 = EmitExample\\EmitExample.csproj
		SccProjectTopLevelParentUniqueName62 = Creek.sln
		SccProjectName62 = EmitExample
		SccLocalPath62 = EmitExample
	EndGlobalSection
	GlobalSection(SolutionConfigurationPlatforms) = preSolution
		Debug|Any CPU = Debug|Any CPU
		Debug|Mixed Platforms = Debug|Mixed Platforms
		Debug|x86 = Debug|x86
		Release|Any CPU = Release|Any CPU
		Release|Mixed Platforms = Release|Mixed Platforms
		Release|x86 = Release|x86
	EndGlobalSection
	GlobalSection(ProjectConfigurationPlatforms) = postSolution
		{723247A8-5FBA-4575-9A4E-93BF6E28D03D}.Debug|Any CPU.ActiveCfg = Debug|x86
		{723247A8-5FBA-4575-9A4E-93BF6E28D03D}.Debug|Mixed Platforms.ActiveCfg = Debug|x86
		{723247A8-5FBA-4575-9A4E-93BF6E28D03D}.Debug|Mixed Platforms.Build.0 = Debug|x86
		{723247A8-5FBA-4575-9A4E-93BF6E28D03D}.Debug|x86.ActiveCfg = Debug|x86
		{723247A8-5FBA-4575-9A4E-93BF6E28D03D}.Debug|x86.Build.0 = Debug|x86
		{723247A8-5FBA-4575-9A4E-93BF6E28D03D}.Release|Any CPU.ActiveCfg = Release|x86
		{723247A8-5FBA-4575-9A4E-93BF6E28D03D}.Release|Mixed Platforms.ActiveCfg = Release|x86
		{723247A8-5FBA-4575-9A4E-93BF6E28D03D}.Release|Mixed Platforms.Build.0 = Release|x86
		{723247A8-5FBA-4575-9A4E-93BF6E28D03D}.Release|x86.ActiveCfg = Release|x86
		{723247A8-5FBA-4575-9A4E-93BF6E28D03D}.Release|x86.Build.0 = Release|x86
		{27FACF9E-046E-4C99-94DE-8BA208C5B401}.Debug|Any CPU.ActiveCfg = Debug|x86
		{27FACF9E-046E-4C99-94DE-8BA208C5B401}.Debug|Mixed Platforms.ActiveCfg = Debug|x86
		{27FACF9E-046E-4C99-94DE-8BA208C5B401}.Debug|Mixed Platforms.Build.0 = Debug|x86
		{27FACF9E-046E-4C99-94DE-8BA208C5B401}.Debug|x86.ActiveCfg = Debug|x86
		{27FACF9E-046E-4C99-94DE-8BA208C5B401}.Debug|x86.Build.0 = Debug|x86
		{27FACF9E-046E-4C99-94DE-8BA208C5B401}.Release|Any CPU.ActiveCfg = Release|x86
		{27FACF9E-046E-4C99-94DE-8BA208C5B401}.Release|Mixed Platforms.ActiveCfg = Release|x86
		{27FACF9E-046E-4C99-94DE-8BA208C5B401}.Release|Mixed Platforms.Build.0 = Release|x86
		{27FACF9E-046E-4C99-94DE-8BA208C5B401}.Release|x86.ActiveCfg = Release|x86
		{27FACF9E-046E-4C99-94DE-8BA208C5B401}.Release|x86.Build.0 = Release|x86
		{FF5A0FCC-2236-43B2-A580-BA320EB0CBA4}.Debug|Any CPU.ActiveCfg = Debug|Any CPU
		{FF5A0FCC-2236-43B2-A580-BA320EB0CBA4}.Debug|Any CPU.Build.0 = Debug|Any CPU
		{FF5A0FCC-2236-43B2-A580-BA320EB0CBA4}.Debug|Mixed Platforms.ActiveCfg = Debug|Any CPU
		{FF5A0FCC-2236-43B2-A580-BA320EB0CBA4}.Debug|Mixed Platforms.Build.0 = Debug|Any CPU
		{FF5A0FCC-2236-43B2-A580-BA320EB0CBA4}.Debug|x86.ActiveCfg = Debug|Any CPU
		{FF5A0FCC-2236-43B2-A580-BA320EB0CBA4}.Release|Any CPU.ActiveCfg = Release|Any CPU
		{FF5A0FCC-2236-43B2-A580-BA320EB0CBA4}.Release|Any CPU.Build.0 = Release|Any CPU
		{FF5A0FCC-2236-43B2-A580-BA320EB0CBA4}.Release|Mixed Platforms.ActiveCfg = Release|Any CPU
		{FF5A0FCC-2236-43B2-A580-BA320EB0CBA4}.Release|Mixed Platforms.Build.0 = Release|Any CPU
		{FF5A0FCC-2236-43B2-A580-BA320EB0CBA4}.Release|x86.ActiveCfg = Release|Any CPU
		{8BDB78CA-FB79-47DE-BB4C-AD27C166A707}.Debug|Any CPU.ActiveCfg = Debug|Any CPU
		{8BDB78CA-FB79-47DE-BB4C-AD27C166A707}.Debug|Any CPU.Build.0 = Debug|Any CPU
		{8BDB78CA-FB79-47DE-BB4C-AD27C166A707}.Debug|Mixed Platforms.ActiveCfg = Debug|Any CPU
		{8BDB78CA-FB79-47DE-BB4C-AD27C166A707}.Debug|Mixed Platforms.Build.0 = Debug|Any CPU
		{8BDB78CA-FB79-47DE-BB4C-AD27C166A707}.Debug|x86.ActiveCfg = Debug|Any CPU
		{8BDB78CA-FB79-47DE-BB4C-AD27C166A707}.Release|Any CPU.ActiveCfg = Release|Any CPU
		{8BDB78CA-FB79-47DE-BB4C-AD27C166A707}.Release|Any CPU.Build.0 = Release|Any CPU
		{8BDB78CA-FB79-47DE-BB4C-AD27C166A707}.Release|Mixed Platforms.ActiveCfg = Release|Any CPU
		{8BDB78CA-FB79-47DE-BB4C-AD27C166A707}.Release|Mixed Platforms.Build.0 = Release|Any CPU
		{8BDB78CA-FB79-47DE-BB4C-AD27C166A707}.Release|x86.ActiveCfg = Release|Any CPU
		{B23D131A-7A36-46DC-89D6-4C803F53A920}.Debug|Any CPU.ActiveCfg = Debug|x86
		{B23D131A-7A36-46DC-89D6-4C803F53A920}.Debug|Mixed Platforms.ActiveCfg = Debug|x86
		{B23D131A-7A36-46DC-89D6-4C803F53A920}.Debug|Mixed Platforms.Build.0 = Debug|x86
		{B23D131A-7A36-46DC-89D6-4C803F53A920}.Debug|x86.ActiveCfg = Debug|x86
		{B23D131A-7A36-46DC-89D6-4C803F53A920}.Debug|x86.Build.0 = Debug|x86
		{B23D131A-7A36-46DC-89D6-4C803F53A920}.Release|Any CPU.ActiveCfg = Release|x86
		{B23D131A-7A36-46DC-89D6-4C803F53A920}.Release|Mixed Platforms.ActiveCfg = Release|x86
		{B23D131A-7A36-46DC-89D6-4C803F53A920}.Release|Mixed Platforms.Build.0 = Release|x86
		{B23D131A-7A36-46DC-89D6-4C803F53A920}.Release|x86.ActiveCfg = Release|x86
		{B23D131A-7A36-46DC-89D6-4C803F53A920}.Release|x86.Build.0 = Release|x86
		{393E2AB7-B4E3-4C69-B99F-D0404B92AED7}.Debug|Any CPU.ActiveCfg = Debug|Any CPU
		{393E2AB7-B4E3-4C69-B99F-D0404B92AED7}.Debug|Any CPU.Build.0 = Debug|Any CPU
		{393E2AB7-B4E3-4C69-B99F-D0404B92AED7}.Debug|Mixed Platforms.ActiveCfg = Debug|Any CPU
		{393E2AB7-B4E3-4C69-B99F-D0404B92AED7}.Debug|Mixed Platforms.Build.0 = Debug|Any CPU
		{393E2AB7-B4E3-4C69-B99F-D0404B92AED7}.Debug|x86.ActiveCfg = Debug|Any CPU
		{393E2AB7-B4E3-4C69-B99F-D0404B92AED7}.Release|Any CPU.ActiveCfg = Release|Any CPU
		{393E2AB7-B4E3-4C69-B99F-D0404B92AED7}.Release|Any CPU.Build.0 = Release|Any CPU
		{393E2AB7-B4E3-4C69-B99F-D0404B92AED7}.Release|Mixed Platforms.ActiveCfg = Release|Any CPU
		{393E2AB7-B4E3-4C69-B99F-D0404B92AED7}.Release|Mixed Platforms.Build.0 = Release|Any CPU
		{393E2AB7-B4E3-4C69-B99F-D0404B92AED7}.Release|x86.ActiveCfg = Release|Any CPU
		{539CFD64-3471-45A3-BC46-9515C09A826E}.Debug|Any CPU.ActiveCfg = Debug|Any CPU
		{539CFD64-3471-45A3-BC46-9515C09A826E}.Debug|Any CPU.Build.0 = Debug|Any CPU
		{539CFD64-3471-45A3-BC46-9515C09A826E}.Debug|Mixed Platforms.ActiveCfg = Debug|Any CPU
		{539CFD64-3471-45A3-BC46-9515C09A826E}.Debug|Mixed Platforms.Build.0 = Debug|Any CPU
		{539CFD64-3471-45A3-BC46-9515C09A826E}.Debug|x86.ActiveCfg = Debug|Any CPU
		{539CFD64-3471-45A3-BC46-9515C09A826E}.Release|Any CPU.ActiveCfg = Release|Any CPU
		{539CFD64-3471-45A3-BC46-9515C09A826E}.Release|Any CPU.Build.0 = Release|Any CPU
		{539CFD64-3471-45A3-BC46-9515C09A826E}.Release|Mixed Platforms.ActiveCfg = Release|Any CPU
		{539CFD64-3471-45A3-BC46-9515C09A826E}.Release|Mixed Platforms.Build.0 = Release|Any CPU
		{539CFD64-3471-45A3-BC46-9515C09A826E}.Release|x86.ActiveCfg = Release|Any CPU
		{E455BA79-D680-4D5B-924E-CF54D43D7349}.Debug|Any CPU.ActiveCfg = Debug|Any CPU
		{E455BA79-D680-4D5B-924E-CF54D43D7349}.Debug|Any CPU.Build.0 = Debug|Any CPU
		{E455BA79-D680-4D5B-924E-CF54D43D7349}.Debug|Mixed Platforms.ActiveCfg = Debug|Any CPU
		{E455BA79-D680-4D5B-924E-CF54D43D7349}.Debug|Mixed Platforms.Build.0 = Debug|Any CPU
		{E455BA79-D680-4D5B-924E-CF54D43D7349}.Debug|x86.ActiveCfg = Debug|Any CPU
		{E455BA79-D680-4D5B-924E-CF54D43D7349}.Release|Any CPU.ActiveCfg = Release|Any CPU
		{E455BA79-D680-4D5B-924E-CF54D43D7349}.Release|Any CPU.Build.0 = Release|Any CPU
		{E455BA79-D680-4D5B-924E-CF54D43D7349}.Release|Mixed Platforms.ActiveCfg = Release|Any CPU
		{E455BA79-D680-4D5B-924E-CF54D43D7349}.Release|Mixed Platforms.Build.0 = Release|Any CPU
		{E455BA79-D680-4D5B-924E-CF54D43D7349}.Release|x86.ActiveCfg = Release|Any CPU
		{BAEC4EB0-45C6-4801-94BB-11EA743FB50E}.Debug|Any CPU.ActiveCfg = Debug|Any CPU
		{BAEC4EB0-45C6-4801-94BB-11EA743FB50E}.Debug|Any CPU.Build.0 = Debug|Any CPU
		{BAEC4EB0-45C6-4801-94BB-11EA743FB50E}.Debug|Mixed Platforms.ActiveCfg = Debug|Any CPU
		{BAEC4EB0-45C6-4801-94BB-11EA743FB50E}.Debug|Mixed Platforms.Build.0 = Debug|Any CPU
		{BAEC4EB0-45C6-4801-94BB-11EA743FB50E}.Debug|x86.ActiveCfg = Debug|Any CPU
		{BAEC4EB0-45C6-4801-94BB-11EA743FB50E}.Release|Any CPU.ActiveCfg = Release|Any CPU
		{BAEC4EB0-45C6-4801-94BB-11EA743FB50E}.Release|Any CPU.Build.0 = Release|Any CPU
		{BAEC4EB0-45C6-4801-94BB-11EA743FB50E}.Release|Mixed Platforms.ActiveCfg = Release|Any CPU
		{BAEC4EB0-45C6-4801-94BB-11EA743FB50E}.Release|Mixed Platforms.Build.0 = Release|Any CPU
		{BAEC4EB0-45C6-4801-94BB-11EA743FB50E}.Release|x86.ActiveCfg = Release|Any CPU
		{4A762EE7-C4D0-484A-BC46-380341817B80}.Debug|Any CPU.ActiveCfg = Debug|Any CPU
		{4A762EE7-C4D0-484A-BC46-380341817B80}.Debug|Any CPU.Build.0 = Debug|Any CPU
		{4A762EE7-C4D0-484A-BC46-380341817B80}.Debug|Mixed Platforms.ActiveCfg = Debug|Any CPU
		{4A762EE7-C4D0-484A-BC46-380341817B80}.Debug|Mixed Platforms.Build.0 = Debug|Any CPU
		{4A762EE7-C4D0-484A-BC46-380341817B80}.Debug|x86.ActiveCfg = Debug|Any CPU
		{4A762EE7-C4D0-484A-BC46-380341817B80}.Release|Any CPU.ActiveCfg = Release|Any CPU
		{4A762EE7-C4D0-484A-BC46-380341817B80}.Release|Any CPU.Build.0 = Release|Any CPU
		{4A762EE7-C4D0-484A-BC46-380341817B80}.Release|Mixed Platforms.ActiveCfg = Release|Any CPU
		{4A762EE7-C4D0-484A-BC46-380341817B80}.Release|Mixed Platforms.Build.0 = Release|Any CPU
		{4A762EE7-C4D0-484A-BC46-380341817B80}.Release|x86.ActiveCfg = Release|Any CPU
		{24FDF059-F72A-43E4-8921-138D240DF8BC}.Debug|Any CPU.ActiveCfg = Debug|Any CPU
		{24FDF059-F72A-43E4-8921-138D240DF8BC}.Debug|Any CPU.Build.0 = Debug|Any CPU
		{24FDF059-F72A-43E4-8921-138D240DF8BC}.Debug|Mixed Platforms.ActiveCfg = Debug|Any CPU
		{24FDF059-F72A-43E4-8921-138D240DF8BC}.Debug|Mixed Platforms.Build.0 = Debug|Any CPU
		{24FDF059-F72A-43E4-8921-138D240DF8BC}.Debug|x86.ActiveCfg = Debug|Any CPU
		{24FDF059-F72A-43E4-8921-138D240DF8BC}.Release|Any CPU.ActiveCfg = Release|Any CPU
		{24FDF059-F72A-43E4-8921-138D240DF8BC}.Release|Any CPU.Build.0 = Release|Any CPU
		{24FDF059-F72A-43E4-8921-138D240DF8BC}.Release|Mixed Platforms.ActiveCfg = Release|Any CPU
		{24FDF059-F72A-43E4-8921-138D240DF8BC}.Release|Mixed Platforms.Build.0 = Release|Any CPU
		{24FDF059-F72A-43E4-8921-138D240DF8BC}.Release|x86.ActiveCfg = Release|Any CPU
		{C5DE7E22-9684-4BE6-8A61-D4E06642A96F}.Debug|Any CPU.ActiveCfg = Debug|Any CPU
		{C5DE7E22-9684-4BE6-8A61-D4E06642A96F}.Debug|Any CPU.Build.0 = Debug|Any CPU
		{C5DE7E22-9684-4BE6-8A61-D4E06642A96F}.Debug|Mixed Platforms.ActiveCfg = Debug|Any CPU
		{C5DE7E22-9684-4BE6-8A61-D4E06642A96F}.Debug|Mixed Platforms.Build.0 = Debug|Any CPU
		{C5DE7E22-9684-4BE6-8A61-D4E06642A96F}.Debug|x86.ActiveCfg = Debug|Any CPU
		{C5DE7E22-9684-4BE6-8A61-D4E06642A96F}.Release|Any CPU.ActiveCfg = Release|Any CPU
		{C5DE7E22-9684-4BE6-8A61-D4E06642A96F}.Release|Any CPU.Build.0 = Release|Any CPU
		{C5DE7E22-9684-4BE6-8A61-D4E06642A96F}.Release|Mixed Platforms.ActiveCfg = Release|Any CPU
		{C5DE7E22-9684-4BE6-8A61-D4E06642A96F}.Release|Mixed Platforms.Build.0 = Release|Any CPU
		{C5DE7E22-9684-4BE6-8A61-D4E06642A96F}.Release|x86.ActiveCfg = Release|Any CPU
		{DB6888D4-A73E-47B3-A727-65CB5F6FE4D2}.Debug|Any CPU.ActiveCfg = Debug|Any CPU
		{DB6888D4-A73E-47B3-A727-65CB5F6FE4D2}.Debug|Any CPU.Build.0 = Debug|Any CPU
		{DB6888D4-A73E-47B3-A727-65CB5F6FE4D2}.Debug|Mixed Platforms.ActiveCfg = Debug|Any CPU
		{DB6888D4-A73E-47B3-A727-65CB5F6FE4D2}.Debug|Mixed Platforms.Build.0 = Debug|Any CPU
		{DB6888D4-A73E-47B3-A727-65CB5F6FE4D2}.Debug|x86.ActiveCfg = Debug|Any CPU
		{DB6888D4-A73E-47B3-A727-65CB5F6FE4D2}.Release|Any CPU.ActiveCfg = Release|Any CPU
		{DB6888D4-A73E-47B3-A727-65CB5F6FE4D2}.Release|Any CPU.Build.0 = Release|Any CPU
		{DB6888D4-A73E-47B3-A727-65CB5F6FE4D2}.Release|Mixed Platforms.ActiveCfg = Release|Any CPU
		{DB6888D4-A73E-47B3-A727-65CB5F6FE4D2}.Release|Mixed Platforms.Build.0 = Release|Any CPU
		{DB6888D4-A73E-47B3-A727-65CB5F6FE4D2}.Release|x86.ActiveCfg = Release|Any CPU
		{F55DE8AC-38BF-45BE-BCA5-AAD35BD2F71E}.Debug|Any CPU.ActiveCfg = Debug|Any CPU
		{F55DE8AC-38BF-45BE-BCA5-AAD35BD2F71E}.Debug|Any CPU.Build.0 = Debug|Any CPU
		{F55DE8AC-38BF-45BE-BCA5-AAD35BD2F71E}.Debug|Mixed Platforms.ActiveCfg = Debug|Any CPU
		{F55DE8AC-38BF-45BE-BCA5-AAD35BD2F71E}.Debug|Mixed Platforms.Build.0 = Debug|Any CPU
		{F55DE8AC-38BF-45BE-BCA5-AAD35BD2F71E}.Debug|x86.ActiveCfg = Debug|Any CPU
		{F55DE8AC-38BF-45BE-BCA5-AAD35BD2F71E}.Release|Any CPU.ActiveCfg = Release|Any CPU
		{F55DE8AC-38BF-45BE-BCA5-AAD35BD2F71E}.Release|Any CPU.Build.0 = Release|Any CPU
		{F55DE8AC-38BF-45BE-BCA5-AAD35BD2F71E}.Release|Mixed Platforms.ActiveCfg = Release|Any CPU
		{F55DE8AC-38BF-45BE-BCA5-AAD35BD2F71E}.Release|Mixed Platforms.Build.0 = Release|Any CPU
		{F55DE8AC-38BF-45BE-BCA5-AAD35BD2F71E}.Release|x86.ActiveCfg = Release|Any CPU
		{E8063DBE-F213-4299-864A-4E050B65F18F}.Debug|Any CPU.ActiveCfg = Debug|Any CPU
		{E8063DBE-F213-4299-864A-4E050B65F18F}.Debug|Any CPU.Build.0 = Debug|Any CPU
		{E8063DBE-F213-4299-864A-4E050B65F18F}.Debug|Mixed Platforms.ActiveCfg = Debug|Any CPU
		{E8063DBE-F213-4299-864A-4E050B65F18F}.Debug|Mixed Platforms.Build.0 = Debug|Any CPU
		{E8063DBE-F213-4299-864A-4E050B65F18F}.Debug|x86.ActiveCfg = Debug|Any CPU
		{E8063DBE-F213-4299-864A-4E050B65F18F}.Release|Any CPU.ActiveCfg = Release|Any CPU
		{E8063DBE-F213-4299-864A-4E050B65F18F}.Release|Any CPU.Build.0 = Release|Any CPU
		{E8063DBE-F213-4299-864A-4E050B65F18F}.Release|Mixed Platforms.ActiveCfg = Release|Any CPU
		{E8063DBE-F213-4299-864A-4E050B65F18F}.Release|Mixed Platforms.Build.0 = Release|Any CPU
		{E8063DBE-F213-4299-864A-4E050B65F18F}.Release|x86.ActiveCfg = Release|Any CPU
		{CA94D097-C7AE-41DF-958D-93D2AEB0CDBC}.Debug|Any CPU.ActiveCfg = Debug|Any CPU
		{CA94D097-C7AE-41DF-958D-93D2AEB0CDBC}.Debug|Any CPU.Build.0 = Debug|Any CPU
		{CA94D097-C7AE-41DF-958D-93D2AEB0CDBC}.Debug|Mixed Platforms.ActiveCfg = Debug|Any CPU
		{CA94D097-C7AE-41DF-958D-93D2AEB0CDBC}.Debug|Mixed Platforms.Build.0 = Debug|Any CPU
		{CA94D097-C7AE-41DF-958D-93D2AEB0CDBC}.Debug|x86.ActiveCfg = Debug|Any CPU
		{CA94D097-C7AE-41DF-958D-93D2AEB0CDBC}.Release|Any CPU.ActiveCfg = Release|Any CPU
		{CA94D097-C7AE-41DF-958D-93D2AEB0CDBC}.Release|Any CPU.Build.0 = Release|Any CPU
		{CA94D097-C7AE-41DF-958D-93D2AEB0CDBC}.Release|Mixed Platforms.ActiveCfg = Release|Any CPU
		{CA94D097-C7AE-41DF-958D-93D2AEB0CDBC}.Release|Mixed Platforms.Build.0 = Release|Any CPU
		{CA94D097-C7AE-41DF-958D-93D2AEB0CDBC}.Release|x86.ActiveCfg = Release|Any CPU
		{78530F40-6973-4702-8A0B-7C98BE6A1A67}.Debug|Any CPU.ActiveCfg = Debug|Any CPU
		{78530F40-6973-4702-8A0B-7C98BE6A1A67}.Debug|Any CPU.Build.0 = Debug|Any CPU
		{78530F40-6973-4702-8A0B-7C98BE6A1A67}.Debug|Mixed Platforms.ActiveCfg = Debug|Any CPU
		{78530F40-6973-4702-8A0B-7C98BE6A1A67}.Debug|Mixed Platforms.Build.0 = Debug|Any CPU
		{78530F40-6973-4702-8A0B-7C98BE6A1A67}.Debug|x86.ActiveCfg = Debug|Any CPU
		{78530F40-6973-4702-8A0B-7C98BE6A1A67}.Release|Any CPU.ActiveCfg = Release|Any CPU
		{78530F40-6973-4702-8A0B-7C98BE6A1A67}.Release|Any CPU.Build.0 = Release|Any CPU
		{78530F40-6973-4702-8A0B-7C98BE6A1A67}.Release|Mixed Platforms.ActiveCfg = Release|Any CPU
		{78530F40-6973-4702-8A0B-7C98BE6A1A67}.Release|Mixed Platforms.Build.0 = Release|Any CPU
		{78530F40-6973-4702-8A0B-7C98BE6A1A67}.Release|x86.ActiveCfg = Release|Any CPU
		{0E3DE280-E7B9-4245-B7D1-5A2CE69C13B7}.Debug|Any CPU.ActiveCfg = Debug|Any CPU
		{0E3DE280-E7B9-4245-B7D1-5A2CE69C13B7}.Debug|Any CPU.Build.0 = Debug|Any CPU
		{0E3DE280-E7B9-4245-B7D1-5A2CE69C13B7}.Debug|Mixed Platforms.ActiveCfg = Debug|Any CPU
		{0E3DE280-E7B9-4245-B7D1-5A2CE69C13B7}.Debug|Mixed Platforms.Build.0 = Debug|Any CPU
		{0E3DE280-E7B9-4245-B7D1-5A2CE69C13B7}.Debug|x86.ActiveCfg = Debug|Any CPU
		{0E3DE280-E7B9-4245-B7D1-5A2CE69C13B7}.Release|Any CPU.ActiveCfg = Release|Any CPU
		{0E3DE280-E7B9-4245-B7D1-5A2CE69C13B7}.Release|Any CPU.Build.0 = Release|Any CPU
		{0E3DE280-E7B9-4245-B7D1-5A2CE69C13B7}.Release|Mixed Platforms.ActiveCfg = Release|Any CPU
		{0E3DE280-E7B9-4245-B7D1-5A2CE69C13B7}.Release|Mixed Platforms.Build.0 = Release|Any CPU
		{0E3DE280-E7B9-4245-B7D1-5A2CE69C13B7}.Release|x86.ActiveCfg = Release|Any CPU
		{1AA4CEF5-9AF2-4C44-81B7-9EF1F3F662C3}.Debug|Any CPU.ActiveCfg = Debug|Any CPU
		{1AA4CEF5-9AF2-4C44-81B7-9EF1F3F662C3}.Debug|Any CPU.Build.0 = Debug|Any CPU
		{1AA4CEF5-9AF2-4C44-81B7-9EF1F3F662C3}.Debug|Mixed Platforms.ActiveCfg = Debug|Any CPU
		{1AA4CEF5-9AF2-4C44-81B7-9EF1F3F662C3}.Debug|Mixed Platforms.Build.0 = Debug|Any CPU
		{1AA4CEF5-9AF2-4C44-81B7-9EF1F3F662C3}.Debug|x86.ActiveCfg = Debug|Any CPU
		{1AA4CEF5-9AF2-4C44-81B7-9EF1F3F662C3}.Release|Any CPU.ActiveCfg = Release|Any CPU
		{1AA4CEF5-9AF2-4C44-81B7-9EF1F3F662C3}.Release|Any CPU.Build.0 = Release|Any CPU
		{1AA4CEF5-9AF2-4C44-81B7-9EF1F3F662C3}.Release|Mixed Platforms.ActiveCfg = Release|Any CPU
		{1AA4CEF5-9AF2-4C44-81B7-9EF1F3F662C3}.Release|Mixed Platforms.Build.0 = Release|Any CPU
		{1AA4CEF5-9AF2-4C44-81B7-9EF1F3F662C3}.Release|x86.ActiveCfg = Release|Any CPU
		{30D1D4B3-A45A-46F5-85C0-93E2C59EAE8B}.Debug|Any CPU.ActiveCfg = Debug|x86
		{30D1D4B3-A45A-46F5-85C0-93E2C59EAE8B}.Debug|Mixed Platforms.ActiveCfg = Debug|x86
		{30D1D4B3-A45A-46F5-85C0-93E2C59EAE8B}.Debug|Mixed Platforms.Build.0 = Debug|x86
		{30D1D4B3-A45A-46F5-85C0-93E2C59EAE8B}.Debug|x86.ActiveCfg = Debug|x86
		{30D1D4B3-A45A-46F5-85C0-93E2C59EAE8B}.Debug|x86.Build.0 = Debug|x86
		{30D1D4B3-A45A-46F5-85C0-93E2C59EAE8B}.Release|Any CPU.ActiveCfg = Release|x86
		{30D1D4B3-A45A-46F5-85C0-93E2C59EAE8B}.Release|Mixed Platforms.ActiveCfg = Release|x86
		{30D1D4B3-A45A-46F5-85C0-93E2C59EAE8B}.Release|Mixed Platforms.Build.0 = Release|x86
		{30D1D4B3-A45A-46F5-85C0-93E2C59EAE8B}.Release|x86.ActiveCfg = Release|x86
		{30D1D4B3-A45A-46F5-85C0-93E2C59EAE8B}.Release|x86.Build.0 = Release|x86
		{38A89F68-BF0D-424B-80D8-9F5BA8628E9E}.Debug|Any CPU.ActiveCfg = Debug|Any CPU
		{38A89F68-BF0D-424B-80D8-9F5BA8628E9E}.Debug|Any CPU.Build.0 = Debug|Any CPU
		{38A89F68-BF0D-424B-80D8-9F5BA8628E9E}.Debug|Mixed Platforms.ActiveCfg = Debug|Any CPU
		{38A89F68-BF0D-424B-80D8-9F5BA8628E9E}.Debug|Mixed Platforms.Build.0 = Debug|Any CPU
		{38A89F68-BF0D-424B-80D8-9F5BA8628E9E}.Debug|x86.ActiveCfg = Debug|Any CPU
		{38A89F68-BF0D-424B-80D8-9F5BA8628E9E}.Release|Any CPU.ActiveCfg = Release|Any CPU
		{38A89F68-BF0D-424B-80D8-9F5BA8628E9E}.Release|Any CPU.Build.0 = Release|Any CPU
		{38A89F68-BF0D-424B-80D8-9F5BA8628E9E}.Release|Mixed Platforms.ActiveCfg = Release|Any CPU
		{38A89F68-BF0D-424B-80D8-9F5BA8628E9E}.Release|Mixed Platforms.Build.0 = Release|Any CPU
		{38A89F68-BF0D-424B-80D8-9F5BA8628E9E}.Release|x86.ActiveCfg = Release|Any CPU
		{283328D9-5C2F-45D2-8853-D5A820DE8A6E}.Debug|Any CPU.ActiveCfg = Debug|Any CPU
		{283328D9-5C2F-45D2-8853-D5A820DE8A6E}.Debug|Any CPU.Build.0 = Debug|Any CPU
		{283328D9-5C2F-45D2-8853-D5A820DE8A6E}.Debug|Mixed Platforms.ActiveCfg = Debug|Any CPU
		{283328D9-5C2F-45D2-8853-D5A820DE8A6E}.Debug|Mixed Platforms.Build.0 = Debug|Any CPU
		{283328D9-5C2F-45D2-8853-D5A820DE8A6E}.Debug|x86.ActiveCfg = Debug|Any CPU
		{283328D9-5C2F-45D2-8853-D5A820DE8A6E}.Release|Any CPU.ActiveCfg = Release|Any CPU
		{283328D9-5C2F-45D2-8853-D5A820DE8A6E}.Release|Any CPU.Build.0 = Release|Any CPU
		{283328D9-5C2F-45D2-8853-D5A820DE8A6E}.Release|Mixed Platforms.ActiveCfg = Release|Any CPU
		{283328D9-5C2F-45D2-8853-D5A820DE8A6E}.Release|Mixed Platforms.Build.0 = Release|Any CPU
		{283328D9-5C2F-45D2-8853-D5A820DE8A6E}.Release|x86.ActiveCfg = Release|Any CPU
		{4DE99D26-6336-4EE2-B6EA-F8BD97E7747F}.Debug|Any CPU.ActiveCfg = Debug|Any CPU
		{4DE99D26-6336-4EE2-B6EA-F8BD97E7747F}.Debug|Any CPU.Build.0 = Debug|Any CPU
		{4DE99D26-6336-4EE2-B6EA-F8BD97E7747F}.Debug|Mixed Platforms.ActiveCfg = Debug|Any CPU
		{4DE99D26-6336-4EE2-B6EA-F8BD97E7747F}.Debug|Mixed Platforms.Build.0 = Debug|Any CPU
		{4DE99D26-6336-4EE2-B6EA-F8BD97E7747F}.Debug|x86.ActiveCfg = Debug|Any CPU
		{4DE99D26-6336-4EE2-B6EA-F8BD97E7747F}.Release|Any CPU.ActiveCfg = Release|Any CPU
		{4DE99D26-6336-4EE2-B6EA-F8BD97E7747F}.Release|Any CPU.Build.0 = Release|Any CPU
		{4DE99D26-6336-4EE2-B6EA-F8BD97E7747F}.Release|Mixed Platforms.ActiveCfg = Release|Any CPU
		{4DE99D26-6336-4EE2-B6EA-F8BD97E7747F}.Release|Mixed Platforms.Build.0 = Release|Any CPU
		{4DE99D26-6336-4EE2-B6EA-F8BD97E7747F}.Release|x86.ActiveCfg = Release|Any CPU
		{65A43831-540B-46BE-A808-387260EE48ED}.Debug|Any CPU.ActiveCfg = Debug|Any CPU
		{65A43831-540B-46BE-A808-387260EE48ED}.Debug|Any CPU.Build.0 = Debug|Any CPU
		{65A43831-540B-46BE-A808-387260EE48ED}.Debug|Mixed Platforms.ActiveCfg = Debug|Any CPU
		{65A43831-540B-46BE-A808-387260EE48ED}.Debug|Mixed Platforms.Build.0 = Debug|Any CPU
		{65A43831-540B-46BE-A808-387260EE48ED}.Debug|x86.ActiveCfg = Debug|Any CPU
		{65A43831-540B-46BE-A808-387260EE48ED}.Release|Any CPU.ActiveCfg = Release|Any CPU
		{65A43831-540B-46BE-A808-387260EE48ED}.Release|Any CPU.Build.0 = Release|Any CPU
		{65A43831-540B-46BE-A808-387260EE48ED}.Release|Mixed Platforms.ActiveCfg = Release|Any CPU
		{65A43831-540B-46BE-A808-387260EE48ED}.Release|Mixed Platforms.Build.0 = Release|Any CPU
		{65A43831-540B-46BE-A808-387260EE48ED}.Release|x86.ActiveCfg = Release|Any CPU
		{B752CCE8-DA6F-449E-98A8-9429C07D813A}.Debug|Any CPU.ActiveCfg = Debug|Any CPU
		{B752CCE8-DA6F-449E-98A8-9429C07D813A}.Debug|Any CPU.Build.0 = Debug|Any CPU
		{B752CCE8-DA6F-449E-98A8-9429C07D813A}.Debug|Mixed Platforms.ActiveCfg = Debug|Any CPU
		{B752CCE8-DA6F-449E-98A8-9429C07D813A}.Debug|Mixed Platforms.Build.0 = Debug|Any CPU
		{B752CCE8-DA6F-449E-98A8-9429C07D813A}.Debug|x86.ActiveCfg = Debug|Any CPU
		{B752CCE8-DA6F-449E-98A8-9429C07D813A}.Release|Any CPU.ActiveCfg = Release|Any CPU
		{B752CCE8-DA6F-449E-98A8-9429C07D813A}.Release|Any CPU.Build.0 = Release|Any CPU
		{B752CCE8-DA6F-449E-98A8-9429C07D813A}.Release|Mixed Platforms.ActiveCfg = Release|Any CPU
		{B752CCE8-DA6F-449E-98A8-9429C07D813A}.Release|Mixed Platforms.Build.0 = Release|Any CPU
		{B752CCE8-DA6F-449E-98A8-9429C07D813A}.Release|x86.ActiveCfg = Release|Any CPU
		{2B6E867A-BA35-4CB1-8F31-738EE5C2D787}.Debug|Any CPU.ActiveCfg = Debug|Any CPU
		{2B6E867A-BA35-4CB1-8F31-738EE5C2D787}.Debug|Any CPU.Build.0 = Debug|Any CPU
		{2B6E867A-BA35-4CB1-8F31-738EE5C2D787}.Debug|Mixed Platforms.ActiveCfg = Debug|Any CPU
		{2B6E867A-BA35-4CB1-8F31-738EE5C2D787}.Debug|Mixed Platforms.Build.0 = Debug|Any CPU
		{2B6E867A-BA35-4CB1-8F31-738EE5C2D787}.Debug|x86.ActiveCfg = Debug|Any CPU
		{2B6E867A-BA35-4CB1-8F31-738EE5C2D787}.Release|Any CPU.ActiveCfg = Release|Any CPU
		{2B6E867A-BA35-4CB1-8F31-738EE5C2D787}.Release|Any CPU.Build.0 = Release|Any CPU
		{2B6E867A-BA35-4CB1-8F31-738EE5C2D787}.Release|Mixed Platforms.ActiveCfg = Release|Any CPU
		{2B6E867A-BA35-4CB1-8F31-738EE5C2D787}.Release|Mixed Platforms.Build.0 = Release|Any CPU
		{2B6E867A-BA35-4CB1-8F31-738EE5C2D787}.Release|x86.ActiveCfg = Release|Any CPU
		{E9145185-3E56-4303-848D-D829F5B45D1D}.Debug|Any CPU.ActiveCfg = Debug|Any CPU
		{E9145185-3E56-4303-848D-D829F5B45D1D}.Debug|Any CPU.Build.0 = Debug|Any CPU
		{E9145185-3E56-4303-848D-D829F5B45D1D}.Debug|Mixed Platforms.ActiveCfg = Debug|Any CPU
		{E9145185-3E56-4303-848D-D829F5B45D1D}.Debug|Mixed Platforms.Build.0 = Debug|Any CPU
		{E9145185-3E56-4303-848D-D829F5B45D1D}.Debug|x86.ActiveCfg = Debug|Any CPU
		{E9145185-3E56-4303-848D-D829F5B45D1D}.Release|Any CPU.ActiveCfg = Release|Any CPU
		{E9145185-3E56-4303-848D-D829F5B45D1D}.Release|Any CPU.Build.0 = Release|Any CPU
		{E9145185-3E56-4303-848D-D829F5B45D1D}.Release|Mixed Platforms.ActiveCfg = Release|Any CPU
		{E9145185-3E56-4303-848D-D829F5B45D1D}.Release|Mixed Platforms.Build.0 = Release|Any CPU
		{E9145185-3E56-4303-848D-D829F5B45D1D}.Release|x86.ActiveCfg = Release|Any CPU
		{43216F34-E90E-4CAD-BE77-0EE3AA59183A}.Debug|Any CPU.ActiveCfg = Debug|Any CPU
		{43216F34-E90E-4CAD-BE77-0EE3AA59183A}.Debug|Any CPU.Build.0 = Debug|Any CPU
		{43216F34-E90E-4CAD-BE77-0EE3AA59183A}.Debug|Mixed Platforms.ActiveCfg = Debug|Any CPU
		{43216F34-E90E-4CAD-BE77-0EE3AA59183A}.Debug|Mixed Platforms.Build.0 = Debug|Any CPU
		{43216F34-E90E-4CAD-BE77-0EE3AA59183A}.Debug|x86.ActiveCfg = Debug|Any CPU
		{43216F34-E90E-4CAD-BE77-0EE3AA59183A}.Release|Any CPU.ActiveCfg = Release|Any CPU
		{43216F34-E90E-4CAD-BE77-0EE3AA59183A}.Release|Any CPU.Build.0 = Release|Any CPU
		{43216F34-E90E-4CAD-BE77-0EE3AA59183A}.Release|Mixed Platforms.ActiveCfg = Release|Any CPU
		{43216F34-E90E-4CAD-BE77-0EE3AA59183A}.Release|Mixed Platforms.Build.0 = Release|Any CPU
		{43216F34-E90E-4CAD-BE77-0EE3AA59183A}.Release|x86.ActiveCfg = Release|Any CPU
		{69715B06-BFF4-4457-BD25-B67C00CDC36E}.Debug|Any CPU.ActiveCfg = Debug|Any CPU
		{69715B06-BFF4-4457-BD25-B67C00CDC36E}.Debug|Any CPU.Build.0 = Debug|Any CPU
		{69715B06-BFF4-4457-BD25-B67C00CDC36E}.Debug|Mixed Platforms.ActiveCfg = Debug|Any CPU
		{69715B06-BFF4-4457-BD25-B67C00CDC36E}.Debug|Mixed Platforms.Build.0 = Debug|Any CPU
		{69715B06-BFF4-4457-BD25-B67C00CDC36E}.Debug|x86.ActiveCfg = Debug|Any CPU
		{69715B06-BFF4-4457-BD25-B67C00CDC36E}.Release|Any CPU.ActiveCfg = Release|Any CPU
		{69715B06-BFF4-4457-BD25-B67C00CDC36E}.Release|Any CPU.Build.0 = Release|Any CPU
		{69715B06-BFF4-4457-BD25-B67C00CDC36E}.Release|Mixed Platforms.ActiveCfg = Release|Any CPU
		{69715B06-BFF4-4457-BD25-B67C00CDC36E}.Release|Mixed Platforms.Build.0 = Release|Any CPU
		{69715B06-BFF4-4457-BD25-B67C00CDC36E}.Release|x86.ActiveCfg = Release|Any CPU
		{4D78B2B6-2586-44C8-BE24-F8DB04A8D5E7}.Debug|Any CPU.ActiveCfg = Debug|Any CPU
		{4D78B2B6-2586-44C8-BE24-F8DB04A8D5E7}.Debug|Any CPU.Build.0 = Debug|Any CPU
		{4D78B2B6-2586-44C8-BE24-F8DB04A8D5E7}.Debug|Mixed Platforms.ActiveCfg = Debug|Any CPU
		{4D78B2B6-2586-44C8-BE24-F8DB04A8D5E7}.Debug|Mixed Platforms.Build.0 = Debug|Any CPU
		{4D78B2B6-2586-44C8-BE24-F8DB04A8D5E7}.Debug|x86.ActiveCfg = Debug|Any CPU
		{4D78B2B6-2586-44C8-BE24-F8DB04A8D5E7}.Release|Any CPU.ActiveCfg = Release|Any CPU
		{4D78B2B6-2586-44C8-BE24-F8DB04A8D5E7}.Release|Any CPU.Build.0 = Release|Any CPU
		{4D78B2B6-2586-44C8-BE24-F8DB04A8D5E7}.Release|Mixed Platforms.ActiveCfg = Release|Any CPU
		{4D78B2B6-2586-44C8-BE24-F8DB04A8D5E7}.Release|Mixed Platforms.Build.0 = Release|Any CPU
		{4D78B2B6-2586-44C8-BE24-F8DB04A8D5E7}.Release|x86.ActiveCfg = Release|Any CPU
		{B1819483-3937-48ED-83DF-66C31752D7A5}.Debug|Any CPU.ActiveCfg = Debug|Any CPU
		{B1819483-3937-48ED-83DF-66C31752D7A5}.Debug|Any CPU.Build.0 = Debug|Any CPU
		{B1819483-3937-48ED-83DF-66C31752D7A5}.Debug|Mixed Platforms.ActiveCfg = Debug|Any CPU
		{B1819483-3937-48ED-83DF-66C31752D7A5}.Debug|Mixed Platforms.Build.0 = Debug|Any CPU
		{B1819483-3937-48ED-83DF-66C31752D7A5}.Debug|x86.ActiveCfg = Debug|Any CPU
		{B1819483-3937-48ED-83DF-66C31752D7A5}.Release|Any CPU.ActiveCfg = Release|Any CPU
		{B1819483-3937-48ED-83DF-66C31752D7A5}.Release|Any CPU.Build.0 = Release|Any CPU
		{B1819483-3937-48ED-83DF-66C31752D7A5}.Release|Mixed Platforms.ActiveCfg = Release|Any CPU
		{B1819483-3937-48ED-83DF-66C31752D7A5}.Release|Mixed Platforms.Build.0 = Release|Any CPU
		{B1819483-3937-48ED-83DF-66C31752D7A5}.Release|x86.ActiveCfg = Release|Any CPU
		{8B66C030-5F14-44AD-9A0A-4919B7F8853C}.Debug|Any CPU.ActiveCfg = Debug|x86
		{8B66C030-5F14-44AD-9A0A-4919B7F8853C}.Debug|Mixed Platforms.ActiveCfg = Debug|x86
		{8B66C030-5F14-44AD-9A0A-4919B7F8853C}.Debug|Mixed Platforms.Build.0 = Debug|x86
		{8B66C030-5F14-44AD-9A0A-4919B7F8853C}.Debug|x86.ActiveCfg = Debug|x86
		{8B66C030-5F14-44AD-9A0A-4919B7F8853C}.Debug|x86.Build.0 = Debug|x86
		{8B66C030-5F14-44AD-9A0A-4919B7F8853C}.Release|Any CPU.ActiveCfg = Release|x86
		{8B66C030-5F14-44AD-9A0A-4919B7F8853C}.Release|Mixed Platforms.ActiveCfg = Release|x86
		{8B66C030-5F14-44AD-9A0A-4919B7F8853C}.Release|Mixed Platforms.Build.0 = Release|x86
		{8B66C030-5F14-44AD-9A0A-4919B7F8853C}.Release|x86.ActiveCfg = Release|x86
		{8B66C030-5F14-44AD-9A0A-4919B7F8853C}.Release|x86.Build.0 = Release|x86
		{FD3CEC43-EC5C-4E8A-A85C-1AF05FCC49C5}.Debug|Any CPU.ActiveCfg = Debug|x86
		{FD3CEC43-EC5C-4E8A-A85C-1AF05FCC49C5}.Debug|Mixed Platforms.ActiveCfg = Debug|x86
		{FD3CEC43-EC5C-4E8A-A85C-1AF05FCC49C5}.Debug|Mixed Platforms.Build.0 = Debug|x86
		{FD3CEC43-EC5C-4E8A-A85C-1AF05FCC49C5}.Debug|x86.ActiveCfg = Debug|x86
		{FD3CEC43-EC5C-4E8A-A85C-1AF05FCC49C5}.Debug|x86.Build.0 = Debug|x86
		{FD3CEC43-EC5C-4E8A-A85C-1AF05FCC49C5}.Release|Any CPU.ActiveCfg = Release|x86
		{FD3CEC43-EC5C-4E8A-A85C-1AF05FCC49C5}.Release|Mixed Platforms.ActiveCfg = Release|x86
		{FD3CEC43-EC5C-4E8A-A85C-1AF05FCC49C5}.Release|Mixed Platforms.Build.0 = Release|x86
		{FD3CEC43-EC5C-4E8A-A85C-1AF05FCC49C5}.Release|x86.ActiveCfg = Release|x86
		{FD3CEC43-EC5C-4E8A-A85C-1AF05FCC49C5}.Release|x86.Build.0 = Release|x86
		{D930EF60-3B62-420D-BDCF-2AA2F771BDD8}.Debug|Any CPU.ActiveCfg = Debug|Any CPU
		{D930EF60-3B62-420D-BDCF-2AA2F771BDD8}.Debug|Any CPU.Build.0 = Debug|Any CPU
		{D930EF60-3B62-420D-BDCF-2AA2F771BDD8}.Debug|Mixed Platforms.ActiveCfg = Debug|Any CPU
		{D930EF60-3B62-420D-BDCF-2AA2F771BDD8}.Debug|Mixed Platforms.Build.0 = Debug|Any CPU
		{D930EF60-3B62-420D-BDCF-2AA2F771BDD8}.Debug|x86.ActiveCfg = Debug|Any CPU
		{D930EF60-3B62-420D-BDCF-2AA2F771BDD8}.Release|Any CPU.ActiveCfg = Release|Any CPU
		{D930EF60-3B62-420D-BDCF-2AA2F771BDD8}.Release|Any CPU.Build.0 = Release|Any CPU
		{D930EF60-3B62-420D-BDCF-2AA2F771BDD8}.Release|Mixed Platforms.ActiveCfg = Release|Any CPU
		{D930EF60-3B62-420D-BDCF-2AA2F771BDD8}.Release|Mixed Platforms.Build.0 = Release|Any CPU
		{D930EF60-3B62-420D-BDCF-2AA2F771BDD8}.Release|x86.ActiveCfg = Release|Any CPU
		{CEE8E2FB-76A3-4172-B55C-847178501331}.Debug|Any CPU.ActiveCfg = Debug|Any CPU
		{CEE8E2FB-76A3-4172-B55C-847178501331}.Debug|Any CPU.Build.0 = Debug|Any CPU
		{CEE8E2FB-76A3-4172-B55C-847178501331}.Debug|Mixed Platforms.ActiveCfg = Debug|Any CPU
		{CEE8E2FB-76A3-4172-B55C-847178501331}.Debug|Mixed Platforms.Build.0 = Debug|Any CPU
		{CEE8E2FB-76A3-4172-B55C-847178501331}.Debug|x86.ActiveCfg = Debug|Any CPU
		{CEE8E2FB-76A3-4172-B55C-847178501331}.Release|Any CPU.ActiveCfg = Release|Any CPU
		{CEE8E2FB-76A3-4172-B55C-847178501331}.Release|Any CPU.Build.0 = Release|Any CPU
		{CEE8E2FB-76A3-4172-B55C-847178501331}.Release|Mixed Platforms.ActiveCfg = Release|Any CPU
		{CEE8E2FB-76A3-4172-B55C-847178501331}.Release|Mixed Platforms.Build.0 = Release|Any CPU
		{CEE8E2FB-76A3-4172-B55C-847178501331}.Release|x86.ActiveCfg = Release|Any CPU
		{0A36C5FC-814E-4E26-8932-AC072B3ECBB2}.Debug|Any CPU.ActiveCfg = Debug|Any CPU
		{0A36C5FC-814E-4E26-8932-AC072B3ECBB2}.Debug|Any CPU.Build.0 = Debug|Any CPU
		{0A36C5FC-814E-4E26-8932-AC072B3ECBB2}.Debug|Mixed Platforms.ActiveCfg = Debug|Any CPU
		{0A36C5FC-814E-4E26-8932-AC072B3ECBB2}.Debug|Mixed Platforms.Build.0 = Debug|Any CPU
		{0A36C5FC-814E-4E26-8932-AC072B3ECBB2}.Debug|x86.ActiveCfg = Debug|Any CPU
		{0A36C5FC-814E-4E26-8932-AC072B3ECBB2}.Release|Any CPU.ActiveCfg = Release|Any CPU
		{0A36C5FC-814E-4E26-8932-AC072B3ECBB2}.Release|Any CPU.Build.0 = Release|Any CPU
		{0A36C5FC-814E-4E26-8932-AC072B3ECBB2}.Release|Mixed Platforms.ActiveCfg = Release|Any CPU
		{0A36C5FC-814E-4E26-8932-AC072B3ECBB2}.Release|Mixed Platforms.Build.0 = Release|Any CPU
		{0A36C5FC-814E-4E26-8932-AC072B3ECBB2}.Release|x86.ActiveCfg = Release|Any CPU
		{410094E3-F144-4413-8A35-BB164C9FE3A4}.Debug|Any CPU.ActiveCfg = Debug|Any CPU
		{410094E3-F144-4413-8A35-BB164C9FE3A4}.Debug|Any CPU.Build.0 = Debug|Any CPU
		{410094E3-F144-4413-8A35-BB164C9FE3A4}.Debug|Mixed Platforms.ActiveCfg = Debug|Any CPU
		{410094E3-F144-4413-8A35-BB164C9FE3A4}.Debug|Mixed Platforms.Build.0 = Debug|Any CPU
		{410094E3-F144-4413-8A35-BB164C9FE3A4}.Debug|x86.ActiveCfg = Debug|Any CPU
		{410094E3-F144-4413-8A35-BB164C9FE3A4}.Release|Any CPU.ActiveCfg = Release|Any CPU
		{410094E3-F144-4413-8A35-BB164C9FE3A4}.Release|Any CPU.Build.0 = Release|Any CPU
		{410094E3-F144-4413-8A35-BB164C9FE3A4}.Release|Mixed Platforms.ActiveCfg = Release|Any CPU
		{410094E3-F144-4413-8A35-BB164C9FE3A4}.Release|Mixed Platforms.Build.0 = Release|Any CPU
		{410094E3-F144-4413-8A35-BB164C9FE3A4}.Release|x86.ActiveCfg = Release|Any CPU
		{EF4A8F4A-CDB8-4A78-AC15-2EC81C86D06B}.Debug|Any CPU.ActiveCfg = Debug|Any CPU
		{EF4A8F4A-CDB8-4A78-AC15-2EC81C86D06B}.Debug|Any CPU.Build.0 = Debug|Any CPU
		{EF4A8F4A-CDB8-4A78-AC15-2EC81C86D06B}.Debug|Mixed Platforms.ActiveCfg = Debug|Any CPU
		{EF4A8F4A-CDB8-4A78-AC15-2EC81C86D06B}.Debug|Mixed Platforms.Build.0 = Debug|Any CPU
		{EF4A8F4A-CDB8-4A78-AC15-2EC81C86D06B}.Debug|x86.ActiveCfg = Debug|Any CPU
		{EF4A8F4A-CDB8-4A78-AC15-2EC81C86D06B}.Release|Any CPU.ActiveCfg = Release|Any CPU
		{EF4A8F4A-CDB8-4A78-AC15-2EC81C86D06B}.Release|Any CPU.Build.0 = Release|Any CPU
		{EF4A8F4A-CDB8-4A78-AC15-2EC81C86D06B}.Release|Mixed Platforms.ActiveCfg = Release|Any CPU
		{EF4A8F4A-CDB8-4A78-AC15-2EC81C86D06B}.Release|Mixed Platforms.Build.0 = Release|Any CPU
		{EF4A8F4A-CDB8-4A78-AC15-2EC81C86D06B}.Release|x86.ActiveCfg = Release|Any CPU
		{3E864147-0BB7-40E4-A3F0-C4AF15DF1778}.Debug|Any CPU.ActiveCfg = Debug|x86
		{3E864147-0BB7-40E4-A3F0-C4AF15DF1778}.Debug|Mixed Platforms.ActiveCfg = Debug|x86
		{3E864147-0BB7-40E4-A3F0-C4AF15DF1778}.Debug|Mixed Platforms.Build.0 = Debug|x86
		{3E864147-0BB7-40E4-A3F0-C4AF15DF1778}.Debug|x86.ActiveCfg = Debug|x86
		{3E864147-0BB7-40E4-A3F0-C4AF15DF1778}.Debug|x86.Build.0 = Debug|x86
		{3E864147-0BB7-40E4-A3F0-C4AF15DF1778}.Release|Any CPU.ActiveCfg = Release|x86
		{3E864147-0BB7-40E4-A3F0-C4AF15DF1778}.Release|Mixed Platforms.ActiveCfg = Release|x86
		{3E864147-0BB7-40E4-A3F0-C4AF15DF1778}.Release|Mixed Platforms.Build.0 = Release|x86
		{3E864147-0BB7-40E4-A3F0-C4AF15DF1778}.Release|x86.ActiveCfg = Release|x86
		{3E864147-0BB7-40E4-A3F0-C4AF15DF1778}.Release|x86.Build.0 = Release|x86
		{A87EFA3C-BBAF-46B9-BCCB-84F6F90A0E77}.Debug|Any CPU.ActiveCfg = Debug|Any CPU
		{A87EFA3C-BBAF-46B9-BCCB-84F6F90A0E77}.Debug|Any CPU.Build.0 = Debug|Any CPU
		{A87EFA3C-BBAF-46B9-BCCB-84F6F90A0E77}.Debug|Mixed Platforms.ActiveCfg = Debug|Any CPU
		{A87EFA3C-BBAF-46B9-BCCB-84F6F90A0E77}.Debug|Mixed Platforms.Build.0 = Debug|Any CPU
		{A87EFA3C-BBAF-46B9-BCCB-84F6F90A0E77}.Debug|x86.ActiveCfg = Debug|Any CPU
		{A87EFA3C-BBAF-46B9-BCCB-84F6F90A0E77}.Release|Any CPU.ActiveCfg = Release|Any CPU
		{A87EFA3C-BBAF-46B9-BCCB-84F6F90A0E77}.Release|Any CPU.Build.0 = Release|Any CPU
		{A87EFA3C-BBAF-46B9-BCCB-84F6F90A0E77}.Release|Mixed Platforms.ActiveCfg = Release|Any CPU
		{A87EFA3C-BBAF-46B9-BCCB-84F6F90A0E77}.Release|Mixed Platforms.Build.0 = Release|Any CPU
		{A87EFA3C-BBAF-46B9-BCCB-84F6F90A0E77}.Release|x86.ActiveCfg = Release|Any CPU
		{87506A98-A8ED-47E0-B797-8D09926D9413}.Debug|Any CPU.ActiveCfg = Debug|x86
		{87506A98-A8ED-47E0-B797-8D09926D9413}.Debug|Mixed Platforms.ActiveCfg = Debug|x86
		{87506A98-A8ED-47E0-B797-8D09926D9413}.Debug|Mixed Platforms.Build.0 = Debug|x86
		{87506A98-A8ED-47E0-B797-8D09926D9413}.Debug|x86.ActiveCfg = Debug|x86
		{87506A98-A8ED-47E0-B797-8D09926D9413}.Debug|x86.Build.0 = Debug|x86
		{87506A98-A8ED-47E0-B797-8D09926D9413}.Release|Any CPU.ActiveCfg = Release|x86
		{87506A98-A8ED-47E0-B797-8D09926D9413}.Release|Mixed Platforms.ActiveCfg = Release|x86
		{87506A98-A8ED-47E0-B797-8D09926D9413}.Release|Mixed Platforms.Build.0 = Release|x86
		{87506A98-A8ED-47E0-B797-8D09926D9413}.Release|x86.ActiveCfg = Release|x86
		{87506A98-A8ED-47E0-B797-8D09926D9413}.Release|x86.Build.0 = Release|x86
		{D887EB15-E528-4004-ABF8-D2A44812A912}.Debug|Any CPU.ActiveCfg = Debug|x86
		{D887EB15-E528-4004-ABF8-D2A44812A912}.Debug|Mixed Platforms.ActiveCfg = Debug|x86
		{D887EB15-E528-4004-ABF8-D2A44812A912}.Debug|Mixed Platforms.Build.0 = Debug|x86
		{D887EB15-E528-4004-ABF8-D2A44812A912}.Debug|x86.ActiveCfg = Debug|x86
		{D887EB15-E528-4004-ABF8-D2A44812A912}.Debug|x86.Build.0 = Debug|x86
		{D887EB15-E528-4004-ABF8-D2A44812A912}.Release|Any CPU.ActiveCfg = Release|x86
		{D887EB15-E528-4004-ABF8-D2A44812A912}.Release|Mixed Platforms.ActiveCfg = Release|x86
		{D887EB15-E528-4004-ABF8-D2A44812A912}.Release|Mixed Platforms.Build.0 = Release|x86
		{D887EB15-E528-4004-ABF8-D2A44812A912}.Release|x86.ActiveCfg = Release|x86
		{D887EB15-E528-4004-ABF8-D2A44812A912}.Release|x86.Build.0 = Release|x86
		{B42912FC-79B2-4007-977B-2171BA4C8A20}.Debug|Any CPU.ActiveCfg = Debug|Any CPU
		{B42912FC-79B2-4007-977B-2171BA4C8A20}.Debug|Any CPU.Build.0 = Debug|Any CPU
		{B42912FC-79B2-4007-977B-2171BA4C8A20}.Debug|Mixed Platforms.ActiveCfg = Debug|Any CPU
		{B42912FC-79B2-4007-977B-2171BA4C8A20}.Debug|Mixed Platforms.Build.0 = Debug|Any CPU
		{B42912FC-79B2-4007-977B-2171BA4C8A20}.Debug|x86.ActiveCfg = Debug|Any CPU
		{B42912FC-79B2-4007-977B-2171BA4C8A20}.Release|Any CPU.ActiveCfg = Release|Any CPU
		{B42912FC-79B2-4007-977B-2171BA4C8A20}.Release|Any CPU.Build.0 = Release|Any CPU
		{B42912FC-79B2-4007-977B-2171BA4C8A20}.Release|Mixed Platforms.ActiveCfg = Release|Any CPU
		{B42912FC-79B2-4007-977B-2171BA4C8A20}.Release|Mixed Platforms.Build.0 = Release|Any CPU
		{B42912FC-79B2-4007-977B-2171BA4C8A20}.Release|x86.ActiveCfg = Release|Any CPU
		{67E34251-CC8D-4A20-9146-731CDBE21B0E}.Debug|Any CPU.ActiveCfg = Debug|Any CPU
		{67E34251-CC8D-4A20-9146-731CDBE21B0E}.Debug|Any CPU.Build.0 = Debug|Any CPU
		{67E34251-CC8D-4A20-9146-731CDBE21B0E}.Debug|Mixed Platforms.ActiveCfg = Debug|Any CPU
		{67E34251-CC8D-4A20-9146-731CDBE21B0E}.Debug|Mixed Platforms.Build.0 = Debug|Any CPU
		{67E34251-CC8D-4A20-9146-731CDBE21B0E}.Debug|x86.ActiveCfg = Debug|Any CPU
		{67E34251-CC8D-4A20-9146-731CDBE21B0E}.Release|Any CPU.ActiveCfg = Release|Any CPU
		{67E34251-CC8D-4A20-9146-731CDBE21B0E}.Release|Any CPU.Build.0 = Release|Any CPU
		{67E34251-CC8D-4A20-9146-731CDBE21B0E}.Release|Mixed Platforms.ActiveCfg = Release|Any CPU
		{67E34251-CC8D-4A20-9146-731CDBE21B0E}.Release|Mixed Platforms.Build.0 = Release|Any CPU
		{67E34251-CC8D-4A20-9146-731CDBE21B0E}.Release|x86.ActiveCfg = Release|Any CPU
		{332D5687-8331-4E21-A878-713D8F3FB223}.Debug|Any CPU.ActiveCfg = Debug|Any CPU
		{332D5687-8331-4E21-A878-713D8F3FB223}.Debug|Any CPU.Build.0 = Debug|Any CPU
		{332D5687-8331-4E21-A878-713D8F3FB223}.Debug|Mixed Platforms.ActiveCfg = Debug|Any CPU
		{332D5687-8331-4E21-A878-713D8F3FB223}.Debug|Mixed Platforms.Build.0 = Debug|Any CPU
		{332D5687-8331-4E21-A878-713D8F3FB223}.Debug|x86.ActiveCfg = Debug|Any CPU
		{332D5687-8331-4E21-A878-713D8F3FB223}.Release|Any CPU.ActiveCfg = Release|Any CPU
		{332D5687-8331-4E21-A878-713D8F3FB223}.Release|Any CPU.Build.0 = Release|Any CPU
		{332D5687-8331-4E21-A878-713D8F3FB223}.Release|Mixed Platforms.ActiveCfg = Release|Any CPU
		{332D5687-8331-4E21-A878-713D8F3FB223}.Release|Mixed Platforms.Build.0 = Release|Any CPU
		{332D5687-8331-4E21-A878-713D8F3FB223}.Release|x86.ActiveCfg = Release|Any CPU
		{2E725596-44D0-4D6C-B5CB-ED514412C1CE}.Debug|Any CPU.ActiveCfg = Debug|Any CPU
		{2E725596-44D0-4D6C-B5CB-ED514412C1CE}.Debug|Any CPU.Build.0 = Debug|Any CPU
		{2E725596-44D0-4D6C-B5CB-ED514412C1CE}.Debug|Mixed Platforms.ActiveCfg = Debug|Any CPU
		{2E725596-44D0-4D6C-B5CB-ED514412C1CE}.Debug|Mixed Platforms.Build.0 = Debug|Any CPU
		{2E725596-44D0-4D6C-B5CB-ED514412C1CE}.Debug|x86.ActiveCfg = Debug|Any CPU
		{2E725596-44D0-4D6C-B5CB-ED514412C1CE}.Release|Any CPU.ActiveCfg = Release|Any CPU
		{2E725596-44D0-4D6C-B5CB-ED514412C1CE}.Release|Any CPU.Build.0 = Release|Any CPU
		{2E725596-44D0-4D6C-B5CB-ED514412C1CE}.Release|Mixed Platforms.ActiveCfg = Release|Any CPU
		{2E725596-44D0-4D6C-B5CB-ED514412C1CE}.Release|Mixed Platforms.Build.0 = Release|Any CPU
		{2E725596-44D0-4D6C-B5CB-ED514412C1CE}.Release|x86.ActiveCfg = Release|Any CPU
		{C396B00F-161B-4E76-9BCE-51DC6AF77469}.Debug|Any CPU.ActiveCfg = Debug|Any CPU
		{C396B00F-161B-4E76-9BCE-51DC6AF77469}.Debug|Any CPU.Build.0 = Debug|Any CPU
		{C396B00F-161B-4E76-9BCE-51DC6AF77469}.Debug|Mixed Platforms.ActiveCfg = Debug|Any CPU
		{C396B00F-161B-4E76-9BCE-51DC6AF77469}.Debug|Mixed Platforms.Build.0 = Debug|Any CPU
		{C396B00F-161B-4E76-9BCE-51DC6AF77469}.Debug|x86.ActiveCfg = Debug|Any CPU
		{C396B00F-161B-4E76-9BCE-51DC6AF77469}.Release|Any CPU.ActiveCfg = Release|Any CPU
		{C396B00F-161B-4E76-9BCE-51DC6AF77469}.Release|Any CPU.Build.0 = Release|Any CPU
		{C396B00F-161B-4E76-9BCE-51DC6AF77469}.Release|Mixed Platforms.ActiveCfg = Release|Any CPU
		{C396B00F-161B-4E76-9BCE-51DC6AF77469}.Release|Mixed Platforms.Build.0 = Release|Any CPU
		{C396B00F-161B-4E76-9BCE-51DC6AF77469}.Release|x86.ActiveCfg = Release|Any CPU
		{CCE6CB9D-9370-4969-8650-20CBC9CFEE8E}.Debug|Any CPU.ActiveCfg = Debug|Any CPU
		{CCE6CB9D-9370-4969-8650-20CBC9CFEE8E}.Debug|Any CPU.Build.0 = Debug|Any CPU
		{CCE6CB9D-9370-4969-8650-20CBC9CFEE8E}.Debug|Mixed Platforms.ActiveCfg = Debug|Any CPU
		{CCE6CB9D-9370-4969-8650-20CBC9CFEE8E}.Debug|Mixed Platforms.Build.0 = Debug|Any CPU
		{CCE6CB9D-9370-4969-8650-20CBC9CFEE8E}.Debug|x86.ActiveCfg = Debug|Any CPU
		{CCE6CB9D-9370-4969-8650-20CBC9CFEE8E}.Release|Any CPU.ActiveCfg = Release|Any CPU
		{CCE6CB9D-9370-4969-8650-20CBC9CFEE8E}.Release|Any CPU.Build.0 = Release|Any CPU
		{CCE6CB9D-9370-4969-8650-20CBC9CFEE8E}.Release|Mixed Platforms.ActiveCfg = Release|Any CPU
		{CCE6CB9D-9370-4969-8650-20CBC9CFEE8E}.Release|Mixed Platforms.Build.0 = Release|Any CPU
		{CCE6CB9D-9370-4969-8650-20CBC9CFEE8E}.Release|x86.ActiveCfg = Release|Any CPU
		{21103B18-3BA4-4F10-A547-C4499D3C6709}.Debug|Any CPU.ActiveCfg = Debug|Any CPU
		{21103B18-3BA4-4F10-A547-C4499D3C6709}.Debug|Any CPU.Build.0 = Debug|Any CPU
		{21103B18-3BA4-4F10-A547-C4499D3C6709}.Debug|Mixed Platforms.ActiveCfg = Debug|Any CPU
		{21103B18-3BA4-4F10-A547-C4499D3C6709}.Debug|Mixed Platforms.Build.0 = Debug|Any CPU
		{21103B18-3BA4-4F10-A547-C4499D3C6709}.Debug|x86.ActiveCfg = Debug|Any CPU
		{21103B18-3BA4-4F10-A547-C4499D3C6709}.Release|Any CPU.ActiveCfg = Release|Any CPU
		{21103B18-3BA4-4F10-A547-C4499D3C6709}.Release|Any CPU.Build.0 = Release|Any CPU
		{21103B18-3BA4-4F10-A547-C4499D3C6709}.Release|Mixed Platforms.ActiveCfg = Release|Any CPU
		{21103B18-3BA4-4F10-A547-C4499D3C6709}.Release|Mixed Platforms.Build.0 = Release|Any CPU
		{21103B18-3BA4-4F10-A547-C4499D3C6709}.Release|x86.ActiveCfg = Release|Any CPU
		{2437E7F7-8F57-415D-9CB6-9C10A8819534}.Debug|Any CPU.ActiveCfg = Debug|x86
		{2437E7F7-8F57-415D-9CB6-9C10A8819534}.Debug|Mixed Platforms.ActiveCfg = Debug|x86
		{2437E7F7-8F57-415D-9CB6-9C10A8819534}.Debug|Mixed Platforms.Build.0 = Debug|x86
		{2437E7F7-8F57-415D-9CB6-9C10A8819534}.Debug|x86.ActiveCfg = Debug|x86
		{2437E7F7-8F57-415D-9CB6-9C10A8819534}.Debug|x86.Build.0 = Debug|x86
		{2437E7F7-8F57-415D-9CB6-9C10A8819534}.Release|Any CPU.ActiveCfg = Release|x86
		{2437E7F7-8F57-415D-9CB6-9C10A8819534}.Release|Mixed Platforms.ActiveCfg = Release|x86
		{2437E7F7-8F57-415D-9CB6-9C10A8819534}.Release|Mixed Platforms.Build.0 = Release|x86
		{2437E7F7-8F57-415D-9CB6-9C10A8819534}.Release|x86.ActiveCfg = Release|x86
		{2437E7F7-8F57-415D-9CB6-9C10A8819534}.Release|x86.Build.0 = Release|x86
		{774E3047-8B4C-4A00-B1E2-DF8D1B960DAB}.Debug|Any CPU.ActiveCfg = Debug|Any CPU
		{774E3047-8B4C-4A00-B1E2-DF8D1B960DAB}.Debug|Any CPU.Build.0 = Debug|Any CPU
		{774E3047-8B4C-4A00-B1E2-DF8D1B960DAB}.Debug|Mixed Platforms.ActiveCfg = Debug|Any CPU
		{774E3047-8B4C-4A00-B1E2-DF8D1B960DAB}.Debug|Mixed Platforms.Build.0 = Debug|Any CPU
		{774E3047-8B4C-4A00-B1E2-DF8D1B960DAB}.Debug|x86.ActiveCfg = Debug|Any CPU
		{774E3047-8B4C-4A00-B1E2-DF8D1B960DAB}.Release|Any CPU.ActiveCfg = Release|Any CPU
		{774E3047-8B4C-4A00-B1E2-DF8D1B960DAB}.Release|Any CPU.Build.0 = Release|Any CPU
		{774E3047-8B4C-4A00-B1E2-DF8D1B960DAB}.Release|Mixed Platforms.ActiveCfg = Release|Any CPU
		{774E3047-8B4C-4A00-B1E2-DF8D1B960DAB}.Release|Mixed Platforms.Build.0 = Release|Any CPU
		{774E3047-8B4C-4A00-B1E2-DF8D1B960DAB}.Release|x86.ActiveCfg = Release|Any CPU
		{C9C9F2B3-FC37-4A31-8CF0-D3DDABBE6739}.Debug|Any CPU.ActiveCfg = Debug|Any CPU
		{C9C9F2B3-FC37-4A31-8CF0-D3DDABBE6739}.Debug|Any CPU.Build.0 = Debug|Any CPU
		{C9C9F2B3-FC37-4A31-8CF0-D3DDABBE6739}.Debug|Mixed Platforms.ActiveCfg = Debug|Any CPU
		{C9C9F2B3-FC37-4A31-8CF0-D3DDABBE6739}.Debug|Mixed Platforms.Build.0 = Debug|Any CPU
		{C9C9F2B3-FC37-4A31-8CF0-D3DDABBE6739}.Debug|x86.ActiveCfg = Debug|Any CPU
		{C9C9F2B3-FC37-4A31-8CF0-D3DDABBE6739}.Release|Any CPU.ActiveCfg = Release|Any CPU
		{C9C9F2B3-FC37-4A31-8CF0-D3DDABBE6739}.Release|Any CPU.Build.0 = Release|Any CPU
		{C9C9F2B3-FC37-4A31-8CF0-D3DDABBE6739}.Release|Mixed Platforms.ActiveCfg = Release|Any CPU
		{C9C9F2B3-FC37-4A31-8CF0-D3DDABBE6739}.Release|Mixed Platforms.Build.0 = Release|Any CPU
		{C9C9F2B3-FC37-4A31-8CF0-D3DDABBE6739}.Release|x86.ActiveCfg = Release|Any CPU
		{83098449-2479-417D-A413-7E2A3E9A3C3B}.Debug|Any CPU.ActiveCfg = Debug|Any CPU
		{83098449-2479-417D-A413-7E2A3E9A3C3B}.Debug|Any CPU.Build.0 = Debug|Any CPU
		{83098449-2479-417D-A413-7E2A3E9A3C3B}.Debug|Mixed Platforms.ActiveCfg = Debug|Any CPU
		{83098449-2479-417D-A413-7E2A3E9A3C3B}.Debug|Mixed Platforms.Build.0 = Debug|Any CPU
		{83098449-2479-417D-A413-7E2A3E9A3C3B}.Debug|x86.ActiveCfg = Debug|Any CPU
		{83098449-2479-417D-A413-7E2A3E9A3C3B}.Release|Any CPU.ActiveCfg = Release|Any CPU
		{83098449-2479-417D-A413-7E2A3E9A3C3B}.Release|Any CPU.Build.0 = Release|Any CPU
		{83098449-2479-417D-A413-7E2A3E9A3C3B}.Release|Mixed Platforms.ActiveCfg = Release|Any CPU
		{83098449-2479-417D-A413-7E2A3E9A3C3B}.Release|Mixed Platforms.Build.0 = Release|Any CPU
		{83098449-2479-417D-A413-7E2A3E9A3C3B}.Release|x86.ActiveCfg = Release|Any CPU
		{529C2979-CE79-4499-820D-11DA96DBA280}.Debug|Any CPU.ActiveCfg = Debug|Any CPU
		{529C2979-CE79-4499-820D-11DA96DBA280}.Debug|Any CPU.Build.0 = Debug|Any CPU
		{529C2979-CE79-4499-820D-11DA96DBA280}.Debug|Mixed Platforms.ActiveCfg = Debug|Any CPU
		{529C2979-CE79-4499-820D-11DA96DBA280}.Debug|Mixed Platforms.Build.0 = Debug|Any CPU
		{529C2979-CE79-4499-820D-11DA96DBA280}.Debug|x86.ActiveCfg = Debug|Any CPU
		{529C2979-CE79-4499-820D-11DA96DBA280}.Release|Any CPU.ActiveCfg = Release|Any CPU
		{529C2979-CE79-4499-820D-11DA96DBA280}.Release|Any CPU.Build.0 = Release|Any CPU
		{529C2979-CE79-4499-820D-11DA96DBA280}.Release|Mixed Platforms.ActiveCfg = Release|Any CPU
		{529C2979-CE79-4499-820D-11DA96DBA280}.Release|Mixed Platforms.Build.0 = Release|Any CPU
		{529C2979-CE79-4499-820D-11DA96DBA280}.Release|x86.ActiveCfg = Release|Any CPU
		{5BF538B3-4811-4B96-A4FD-ECF9DE6CED0E}.Debug|Any CPU.ActiveCfg = Debug|Any CPU
		{5BF538B3-4811-4B96-A4FD-ECF9DE6CED0E}.Debug|Any CPU.Build.0 = Debug|Any CPU
		{5BF538B3-4811-4B96-A4FD-ECF9DE6CED0E}.Debug|Mixed Platforms.ActiveCfg = Debug|Any CPU
		{5BF538B3-4811-4B96-A4FD-ECF9DE6CED0E}.Debug|Mixed Platforms.Build.0 = Debug|Any CPU
		{5BF538B3-4811-4B96-A4FD-ECF9DE6CED0E}.Debug|x86.ActiveCfg = Debug|Any CPU
		{5BF538B3-4811-4B96-A4FD-ECF9DE6CED0E}.Release|Any CPU.ActiveCfg = Release|Any CPU
		{5BF538B3-4811-4B96-A4FD-ECF9DE6CED0E}.Release|Any CPU.Build.0 = Release|Any CPU
		{5BF538B3-4811-4B96-A4FD-ECF9DE6CED0E}.Release|Mixed Platforms.ActiveCfg = Release|Any CPU
		{5BF538B3-4811-4B96-A4FD-ECF9DE6CED0E}.Release|Mixed Platforms.Build.0 = Release|Any CPU
		{5BF538B3-4811-4B96-A4FD-ECF9DE6CED0E}.Release|x86.ActiveCfg = Release|Any CPU
		{785449A7-CC58-4E41-A335-C927F8C6628B}.Debug|Any CPU.ActiveCfg = Debug|Any CPU
		{785449A7-CC58-4E41-A335-C927F8C6628B}.Debug|Any CPU.Build.0 = Debug|Any CPU
		{785449A7-CC58-4E41-A335-C927F8C6628B}.Debug|Mixed Platforms.ActiveCfg = Debug|Any CPU
		{785449A7-CC58-4E41-A335-C927F8C6628B}.Debug|Mixed Platforms.Build.0 = Debug|Any CPU
		{785449A7-CC58-4E41-A335-C927F8C6628B}.Debug|x86.ActiveCfg = Debug|Any CPU
		{785449A7-CC58-4E41-A335-C927F8C6628B}.Release|Any CPU.ActiveCfg = Release|Any CPU
		{785449A7-CC58-4E41-A335-C927F8C6628B}.Release|Any CPU.Build.0 = Release|Any CPU
		{785449A7-CC58-4E41-A335-C927F8C6628B}.Release|Mixed Platforms.ActiveCfg = Release|Any CPU
		{785449A7-CC58-4E41-A335-C927F8C6628B}.Release|Mixed Platforms.Build.0 = Release|Any CPU
		{785449A7-CC58-4E41-A335-C927F8C6628B}.Release|x86.ActiveCfg = Release|Any CPU
		{1C9D4EC5-CF7F-4CF7-B2CD-2034D807D09D}.Debug|Any CPU.ActiveCfg = Debug|Any CPU
		{1C9D4EC5-CF7F-4CF7-B2CD-2034D807D09D}.Debug|Any CPU.Build.0 = Debug|Any CPU
		{1C9D4EC5-CF7F-4CF7-B2CD-2034D807D09D}.Debug|Mixed Platforms.ActiveCfg = Debug|Any CPU
		{1C9D4EC5-CF7F-4CF7-B2CD-2034D807D09D}.Debug|Mixed Platforms.Build.0 = Debug|Any CPU
		{1C9D4EC5-CF7F-4CF7-B2CD-2034D807D09D}.Debug|x86.ActiveCfg = Debug|Any CPU
		{1C9D4EC5-CF7F-4CF7-B2CD-2034D807D09D}.Release|Any CPU.ActiveCfg = Release|Any CPU
		{1C9D4EC5-CF7F-4CF7-B2CD-2034D807D09D}.Release|Any CPU.Build.0 = Release|Any CPU
		{1C9D4EC5-CF7F-4CF7-B2CD-2034D807D09D}.Release|Mixed Platforms.ActiveCfg = Release|Any CPU
		{1C9D4EC5-CF7F-4CF7-B2CD-2034D807D09D}.Release|Mixed Platforms.Build.0 = Release|Any CPU
		{1C9D4EC5-CF7F-4CF7-B2CD-2034D807D09D}.Release|x86.ActiveCfg = Release|Any CPU
		{254D6834-899E-4DEB-B349-0DC7903FE304}.Debug|Any CPU.ActiveCfg = Debug|Any CPU
		{254D6834-899E-4DEB-B349-0DC7903FE304}.Debug|Any CPU.Build.0 = Debug|Any CPU
		{254D6834-899E-4DEB-B349-0DC7903FE304}.Debug|Mixed Platforms.ActiveCfg = Debug|Any CPU
		{254D6834-899E-4DEB-B349-0DC7903FE304}.Debug|Mixed Platforms.Build.0 = Debug|Any CPU
		{254D6834-899E-4DEB-B349-0DC7903FE304}.Debug|x86.ActiveCfg = Debug|Any CPU
		{254D6834-899E-4DEB-B349-0DC7903FE304}.Release|Any CPU.ActiveCfg = Release|Any CPU
		{254D6834-899E-4DEB-B349-0DC7903FE304}.Release|Any CPU.Build.0 = Release|Any CPU
		{254D6834-899E-4DEB-B349-0DC7903FE304}.Release|Mixed Platforms.ActiveCfg = Release|Any CPU
		{254D6834-899E-4DEB-B349-0DC7903FE304}.Release|Mixed Platforms.Build.0 = Release|Any CPU
		{254D6834-899E-4DEB-B349-0DC7903FE304}.Release|x86.ActiveCfg = Release|Any CPU
		{41B60241-09DC-4645-BA6F-E88C579EF6C5}.Debug|Any CPU.ActiveCfg = Debug|Any CPU
		{41B60241-09DC-4645-BA6F-E88C579EF6C5}.Debug|Any CPU.Build.0 = Debug|Any CPU
		{41B60241-09DC-4645-BA6F-E88C579EF6C5}.Debug|Mixed Platforms.ActiveCfg = Debug|Any CPU
		{41B60241-09DC-4645-BA6F-E88C579EF6C5}.Debug|Mixed Platforms.Build.0 = Debug|Any CPU
		{41B60241-09DC-4645-BA6F-E88C579EF6C5}.Debug|x86.ActiveCfg = Debug|Any CPU
		{41B60241-09DC-4645-BA6F-E88C579EF6C5}.Release|Any CPU.ActiveCfg = Release|Any CPU
		{41B60241-09DC-4645-BA6F-E88C579EF6C5}.Release|Any CPU.Build.0 = Release|Any CPU
		{41B60241-09DC-4645-BA6F-E88C579EF6C5}.Release|Mixed Platforms.ActiveCfg = Release|Any CPU
		{41B60241-09DC-4645-BA6F-E88C579EF6C5}.Release|Mixed Platforms.Build.0 = Release|Any CPU
		{41B60241-09DC-4645-BA6F-E88C579EF6C5}.Release|x86.ActiveCfg = Release|Any CPU
		{74BF727A-86C8-418E-9392-3BA95F22D981}.Debug|Any CPU.ActiveCfg = Debug|Any CPU
		{74BF727A-86C8-418E-9392-3BA95F22D981}.Debug|Any CPU.Build.0 = Debug|Any CPU
		{74BF727A-86C8-418E-9392-3BA95F22D981}.Debug|Mixed Platforms.ActiveCfg = Debug|Any CPU
		{74BF727A-86C8-418E-9392-3BA95F22D981}.Debug|Mixed Platforms.Build.0 = Debug|Any CPU
		{74BF727A-86C8-418E-9392-3BA95F22D981}.Debug|x86.ActiveCfg = Debug|Any CPU
		{74BF727A-86C8-418E-9392-3BA95F22D981}.Release|Any CPU.ActiveCfg = Release|Any CPU
		{74BF727A-86C8-418E-9392-3BA95F22D981}.Release|Any CPU.Build.0 = Release|Any CPU
		{74BF727A-86C8-418E-9392-3BA95F22D981}.Release|Mixed Platforms.ActiveCfg = Release|Any CPU
		{74BF727A-86C8-418E-9392-3BA95F22D981}.Release|Mixed Platforms.Build.0 = Release|Any CPU
		{74BF727A-86C8-418E-9392-3BA95F22D981}.Release|x86.ActiveCfg = Release|Any CPU
		{2F02A5C4-A1DA-4970-9859-6A935EAAFFD0}.Debug|Any CPU.ActiveCfg = Debug|Any CPU
		{2F02A5C4-A1DA-4970-9859-6A935EAAFFD0}.Debug|Any CPU.Build.0 = Debug|Any CPU
		{2F02A5C4-A1DA-4970-9859-6A935EAAFFD0}.Debug|Mixed Platforms.ActiveCfg = Debug|Any CPU
		{2F02A5C4-A1DA-4970-9859-6A935EAAFFD0}.Debug|Mixed Platforms.Build.0 = Debug|Any CPU
		{2F02A5C4-A1DA-4970-9859-6A935EAAFFD0}.Debug|x86.ActiveCfg = Debug|Any CPU
		{2F02A5C4-A1DA-4970-9859-6A935EAAFFD0}.Release|Any CPU.ActiveCfg = Release|Any CPU
		{2F02A5C4-A1DA-4970-9859-6A935EAAFFD0}.Release|Any CPU.Build.0 = Release|Any CPU
		{2F02A5C4-A1DA-4970-9859-6A935EAAFFD0}.Release|Mixed Platforms.ActiveCfg = Release|Any CPU
		{2F02A5C4-A1DA-4970-9859-6A935EAAFFD0}.Release|Mixed Platforms.Build.0 = Release|Any CPU
		{2F02A5C4-A1DA-4970-9859-6A935EAAFFD0}.Release|x86.ActiveCfg = Release|Any CPU
		{823D7A6A-5E3C-4D82-8D11-B44A6752655A}.Debug|Any CPU.ActiveCfg = Debug|Any CPU
		{823D7A6A-5E3C-4D82-8D11-B44A6752655A}.Debug|Any CPU.Build.0 = Debug|Any CPU
		{823D7A6A-5E3C-4D82-8D11-B44A6752655A}.Debug|Mixed Platforms.ActiveCfg = Debug|Any CPU
		{823D7A6A-5E3C-4D82-8D11-B44A6752655A}.Debug|Mixed Platforms.Build.0 = Debug|Any CPU
		{823D7A6A-5E3C-4D82-8D11-B44A6752655A}.Debug|x86.ActiveCfg = Debug|Any CPU
		{823D7A6A-5E3C-4D82-8D11-B44A6752655A}.Release|Any CPU.ActiveCfg = Release|Any CPU
		{823D7A6A-5E3C-4D82-8D11-B44A6752655A}.Release|Any CPU.Build.0 = Release|Any CPU
		{823D7A6A-5E3C-4D82-8D11-B44A6752655A}.Release|Mixed Platforms.ActiveCfg = Release|Any CPU
		{823D7A6A-5E3C-4D82-8D11-B44A6752655A}.Release|Mixed Platforms.Build.0 = Release|Any CPU
		{823D7A6A-5E3C-4D82-8D11-B44A6752655A}.Release|x86.ActiveCfg = Release|Any CPU
	EndGlobalSection
	GlobalSection(SolutionProperties) = preSolution
		HideSolutionNode = FALSE
	EndGlobalSection
	GlobalSection(NestedProjects) = preSolution
		{723247A8-5FBA-4575-9A4E-93BF6E28D03D} = {838F3B27-6D69-453B-BD2A-B2F88FD62B28}
		{9ED43817-912B-4BEB-A778-511334496CDD} = {838F3B27-6D69-453B-BD2A-B2F88FD62B28}
		{B23D131A-7A36-46DC-89D6-4C803F53A920} = {838F3B27-6D69-453B-BD2A-B2F88FD62B28}
		{30D1D4B3-A45A-46F5-85C0-93E2C59EAE8B} = {838F3B27-6D69-453B-BD2A-B2F88FD62B28}
		{FD3CEC43-EC5C-4E8A-A85C-1AF05FCC49C5} = {838F3B27-6D69-453B-BD2A-B2F88FD62B28}
		{D930EF60-3B62-420D-BDCF-2AA2F771BDD8} = {838F3B27-6D69-453B-BD2A-B2F88FD62B28}
		{3E864147-0BB7-40E4-A3F0-C4AF15DF1778} = {838F3B27-6D69-453B-BD2A-B2F88FD62B28}
		{87506A98-A8ED-47E0-B797-8D09926D9413} = {838F3B27-6D69-453B-BD2A-B2F88FD62B28}
		{74BF727A-86C8-418E-9392-3BA95F22D981} = {838F3B27-6D69-453B-BD2A-B2F88FD62B28}
		{823D7A6A-5E3C-4D82-8D11-B44A6752655A} = {838F3B27-6D69-453B-BD2A-B2F88FD62B28}
		{27FACF9E-046E-4C99-94DE-8BA208C5B401} = {9ED43817-912B-4BEB-A778-511334496CDD}
		{443F8A36-D0A2-44ED-9EFC-D0F3D94B7D52} = {9ED43817-912B-4BEB-A778-511334496CDD}
		{B1819483-3937-48ED-83DF-66C31752D7A5} = {9ED43817-912B-4BEB-A778-511334496CDD}
		{FF5A0FCC-2236-43B2-A580-BA320EB0CBA4} = {443F8A36-D0A2-44ED-9EFC-D0F3D94B7D52}
		{8BDB78CA-FB79-47DE-BB4C-AD27C166A707} = {443F8A36-D0A2-44ED-9EFC-D0F3D94B7D52}
		{D887EB15-E528-4004-ABF8-D2A44812A912} = {D642CE18-9F07-49A8-94C3-F737F2212C14}
		{2437E7F7-8F57-415D-9CB6-9C10A8819534} = {D642CE18-9F07-49A8-94C3-F737F2212C14}
	EndGlobalSection
	GlobalSection(ExtensibilityGlobals) = postSolution
		BuildVersion_BuildVersioningStyle = Increment.Increment.Increment.Increment
	EndGlobalSection
EndGlobal
